// !$*UTF8*$!
{
	archiveVersion = 1;
	classes = {
	};
	objectVersion = 77;
	objects = {

/* Begin PBXBuildFile section */
		5C17F8F5303B93D2008FF959 /* AppDelegate.swift in Sources */ = {isa = PBXBuildFile; fileRef = 5C17F8F4303B93D2008FF959 /* AppDelegate.swift */; };
		5C17F8F7303B93D2008FF959 /* SceneDelegate.swift in Sources */ = {isa = PBXBuildFile; fileRef = 5C17F8F6303B93D2008FF959 /* SceneDelegate.swift */; };
		5C17F8FA303B93D2008FF959 /* LaunchScreen.storyboard in Resources */ = {isa = PBXBuildFile; fileRef = 5C17F8F8303B93D2008FF959 /* LaunchScreen.storyboard */; };
		5C17F8FD303B93D2008FF959 /* Main.storyboard in Resources */ = {isa = PBXBuildFile; fileRef = 5C17F8FB303B93D2008FF959 /* Main.storyboard */; };
		5C17F906303B93D2008FF959 /* AppDelegate.swift in Sources */ = {isa = PBXBuildFile; fileRef = 5C17F905303B93D2008FF959 /* AppDelegate.swift */; };
		5C17F909303B93D2008FF959 /* Main.storyboard in Resources */ = {isa = PBXBuildFile; fileRef = 5C17F907303B93D2008FF959 /* Main.storyboard */; };
		5C17F910303B93D2008FF959 /* Article to Kindle Extension.appex in Embed Foundation Extensions */ = {isa = PBXBuildFile; fileRef = 5C17F90F303B93D2008FF959 /* Article to Kindle Extension.appex */; settings = {ATTRIBUTES = (RemoveHeadersOnCopy, ); }; };
		5C17F91A303B93D2008FF959 /* Article to Kindle Extension.appex in Embed Foundation Extensions */ = {isa = PBXBuildFile; fileRef = 5C17F919303B93D2008FF959 /* Article to Kindle Extension.appex */; settings = {ATTRIBUTES = (RemoveHeadersOnCopy, ); }; };
		5C17F91F303B93D2008FF959 /* Main.html in Resources */ = {isa = PBXBuildFile; fileRef = 5C17F8E4303B93D1008FF959 /* Main.html */; };
		5C17F920303B93D2008FF959 /* Main.html in Resources */ = {isa = PBXBuildFile; fileRef = 5C17F8E4303B93D1008FF959 /* Main.html */; };
		5C17F921303B93D2008FF959 /* Icon.png in Resources */ = {isa = PBXBuildFile; fileRef = 5C17F8E6303B93D1008FF959 /* Icon.png */; };
		5C17F922303B93D2008FF959 /* Icon.png in Resources */ = {isa = PBXBuildFile; fileRef = 5C17F8E6303B93D1008FF959 /* Icon.png */; };
		5C17F923303B93D2008FF959 /* Style.css in Resources */ = {isa = PBXBuildFile; fileRef = 5C17F8E7303B93D1008FF959 /* Style.css */; };
		5C17F924303B93D2008FF959 /* Style.css in Resources */ = {isa = PBXBuildFile; fileRef = 5C17F8E7303B93D1008FF959 /* Style.css */; };
		5C17F925303B93D2008FF959 /* Script.js in Resources */ = {isa = PBXBuildFile; fileRef = 5C17F8E8303B93D1008FF959 /* Script.js */; };
		5C17F926303B93D2008FF959 /* Script.js in Resources */ = {isa = PBXBuildFile; fileRef = 5C17F8E8303B93D1008FF959 /* Script.js */; };
		5C17F927303B93D2008FF959 /* ViewController.swift in Sources */ = {isa = PBXBuildFile; fileRef = 5C17F8E9303B93D1008FF959 /* ViewController.swift */; };
		5C17F928303B93D2008FF959 /* ViewController.swift in Sources */ = {isa = PBXBuildFile; fileRef = 5C17F8E9303B93D1008FF959 /* ViewController.swift */; };
		5C17F929303B93D2008FF959 /* Assets.xcassets in Resources */ = {isa = PBXBuildFile; fileRef = 5C17F8EA303B93D2008FF959 /* Assets.xcassets */; };
		5C17F92A303B93D2008FF959 /* Assets.xcassets in Resources */ = {isa = PBXBuildFile; fileRef = 5C17F8EA303B93D2008FF959 /* Assets.xcassets */; };
		5C17F92B303B93D2008FF959 /* SafariWebExtensionHandler.swift in Sources */ = {isa = PBXBuildFile; fileRef = 5C17F8EC303B93D2008FF959 /* SafariWebExtensionHandler.swift */; };
		5C17F92C303B93D2008FF959 /* SafariWebExtensionHandler.swift in Sources */ = {isa = PBXBuildFile; fileRef = 5C17F8EC303B93D2008FF959 /* SafariWebExtensionHandler.swift */; };
		5C17F945303B93D2008FF959 /* popup in Resources */ = {isa = PBXBuildFile; fileRef = 5C17F93E303B93D2008FF959 /* popup */; };
		5C17F946303B93D2008FF959 /* dist in Resources */ = {isa = PBXBuildFile; fileRef = 5C17F93F303B93D2008FF959 /* dist */; };
		5C17F947303B93D2008FF959 /* welcome in Resources */ = {isa = PBXBuildFile; fileRef = 5C17F940303B93D2008FF959 /* welcome */; };
		5C17F948303B93D2008FF959 /* icons in Resources */ = {isa = PBXBuildFile; fileRef = 5C17F941303B93D2008FF959 /* icons */; };
		5C17F949303B93D2008FF959 /* manifest.json in Resources */ = {isa = PBXBuildFile; fileRef = 5C17F942303B93D2008FF959 /* manifest.json */; };
		5C17F94A303B93D2008FF959 /* _locales in Resources */ = {isa = PBXBuildFile; fileRef = 5C17F943303B93D2008FF959 /* _locales */; };
		5C17F94B303B93D2008FF959 /* src in Resources */ = {isa = PBXBuildFile; fileRef = 5C17F944303B93D2008FF959 /* src */; };
		5C17F94C303B93D2008FF959 /* popup in Resources */ = {isa = PBXBuildFile; fileRef = 5C17F93E303B93D2008FF959 /* popup */; };
		5C17F94D303B93D2008FF959 /* dist in Resources */ = {isa = PBXBuildFile; fileRef = 5C17F93F303B93D2008FF959 /* dist */; };
		5C17F94E303B93D2008FF959 /* welcome in Resources */ = {isa = PBXBuildFile; fileRef = 5C17F940303B93D2008FF959 /* welcome */; };
		5C17F94F303B93D2008FF959 /* icons in Resources */ = {isa = PBXBuildFile; fileRef = 5C17F941303B93D2008FF959 /* icons */; };
		5C17F950303B93D2008FF959 /* manifest.json in Resources */ = {isa = PBXBuildFile; fileRef = 5C17F942303B93D2008FF959 /* manifest.json */; };
		5C17F951303B93D2008FF959 /* _locales in Resources */ = {isa = PBXBuildFile; fileRef = 5C17F943303B93D2008FF959 /* _locales */; };
		5C17F952303B93D2008FF959 /* src in Resources */ = {isa = PBXBuildFile; fileRef = 5C17F944303B93D2008FF959 /* src */; };
/* End PBXBuildFile section */

/* Begin PBXContainerItemProxy section */
		5C17F911303B93D2008FF959 /* PBXContainerItemProxy */ = {
			isa = PBXContainerItemProxy;
			containerPortal = 5C17F8DE303B93D1008FF959 /* Project object */;
			proxyType = 1;
			remoteGlobalIDString = 5C17F90E303B93D2008FF959;
			remoteInfo = "Article to Kindle Extension (iOS)";
		};
		5C17F91B303B93D2008FF959 /* PBXContainerItemProxy */ = {
			isa = PBXContainerItemProxy;
			containerPortal = 5C17F8DE303B93D1008FF959 /* Project object */;
			proxyType = 1;
			remoteGlobalIDString = 5C17F918303B93D2008FF959;
			remoteInfo = "Article to Kindle Extension (macOS)";
		};
/* End PBXContainerItemProxy section */

/* Begin PBXCopyFilesBuildPhase section */
		5C17F932303B93D2008FF959 /* Embed Foundation Extensions */ = {
			isa = PBXCopyFilesBuildPhase;
			buildActionMask = 2147483647;
			dstPath = "";
			dstSubfolderSpec = 13;
			files = (
				5C17F910303B93D2008FF959 /* Article to Kindle Extension.appex in Embed Foundation Extensions */,
			);
			name = "Embed Foundation Extensions";
			runOnlyForDeploymentPostprocessing = 0;
		};
		5C17F939303B93D2008FF959 /* Embed Foundation Extensions */ = {
			isa = PBXCopyFilesBuildPhase;
			buildActionMask = 2147483647;
			dstPath = "";
			dstSubfolderSpec = 13;
			files = (
				5C17F91A303B93D2008FF959 /* Article to Kindle Extension.appex in Embed Foundation Extensions */,
			);
			name = "Embed Foundation Extensions";
			runOnlyForDeploymentPostprocessing = 0;
		};
/* End PBXCopyFilesBuildPhase section */

/* Begin PBXFileReference section */
		5C17F8E5303B93D1008FF959 /* Base */ = {isa = PBXFileReference; lastKnownFileType = text.html; name = Base; path = Base.lproj/Main.html; sourceTree = "<group>"; };
		5C17F8E6303B93D1008FF959 /* Icon.png */ = {isa = PBXFileReference; lastKnownFileType = image.png; path = Icon.png; sourceTree = "<group>"; };
		5C17F8E7303B93D1008FF959 /* Style.css */ = {isa = PBXFileReference; lastKnownFileType = text.css; path = Style.css; sourceTree = "<group>"; };
		5C17F8E8303B93D1008FF959 /* Script.js */ = {isa = PBXFileReference; lastKnownFileType = sourcecode.javascript; path = Script.js; sourceTree = "<group>"; };
		5C17F8E9303B93D1008FF959 /* ViewController.swift */ = {isa = PBXFileReference; lastKnownFileType = sourcecode.swift; path = ViewController.swift; sourceTree = "<group>"; };
		5C17F8EA303B93D2008FF959 /* Assets.xcassets */ = {isa = PBXFileReference; lastKnownFileType = folder.assetcatalog; path = Assets.xcassets; sourceTree = "<group>"; };
		5C17F8EC303B93D2008FF959 /* SafariWebExtensionHandler.swift */ = {isa = PBXFileReference; lastKnownFileType = sourcecode.swift; path = SafariWebExtensionHandler.swift; sourceTree = "<group>"; };
		5C17F8F1303B93D2008FF959 /* Article to Kindle.app */ = {isa = PBXFileReference; explicitFileType = wrapper.application; includeInIndex = 0; path = "Article to Kindle.app"; sourceTree = BUILT_PRODUCTS_DIR; };
		5C17F8F4303B93D2008FF959 /* AppDelegate.swift */ = {isa = PBXFileReference; lastKnownFileType = sourcecode.swift; path = AppDelegate.swift; sourceTree = "<group>"; };
		5C17F8F6303B93D2008FF959 /* SceneDelegate.swift */ = {isa = PBXFileReference; lastKnownFileType = sourcecode.swift; path = SceneDelegate.swift; sourceTree = "<group>"; };
		5C17F8F9303B93D2008FF959 /* Base */ = {isa = PBXFileReference; lastKnownFileType = file.storyboard; name = Base; path = Base.lproj/LaunchScreen.storyboard; sourceTree = "<group>"; };
		5C17F8FC303B93D2008FF959 /* Base */ = {isa = PBXFileReference; lastKnownFileType = file.storyboard; name = Base; path = Base.lproj/Main.storyboard; sourceTree = "<group>"; };
		5C17F8FE303B93D2008FF959 /* Info.plist */ = {isa = PBXFileReference; lastKnownFileType = text.plist.xml; path = Info.plist; sourceTree = "<group>"; };
		5C17F903303B93D2008FF959 /* Article to Kindle.app */ = {isa = PBXFileReference; explicitFileType = wrapper.application; includeInIndex = 0; path = "Article to Kindle.app"; sourceTree = BUILT_PRODUCTS_DIR; };
		5C17F905303B93D2008FF959 /* AppDelegate.swift */ = {isa = PBXFileReference; lastKnownFileType = sourcecode.swift; path = AppDelegate.swift; sourceTree = "<group>"; };
		5C17F908303B93D2008FF959 /* Base */ = {isa = PBXFileReference; lastKnownFileType = file.storyboard; name = Base; path = Base.lproj/Main.storyboard; sourceTree = "<group>"; };
		5C17F90A303B93D2008FF959 /* Info.plist */ = {isa = PBXFileReference; lastKnownFileType = text.plist.xml; path = Info.plist; sourceTree = "<group>"; };
		5C17F90F303B93D2008FF959 /* Article to Kindle Extension.appex */ = {isa = PBXFileReference; explicitFileType = "wrapper.app-extension"; includeInIndex = 0; path = "Article to Kindle Extension.appex"; sourceTree = BUILT_PRODUCTS_DIR; };
		5C17F914303B93D2008FF959 /* Info.plist */ = {isa = PBXFileReference; lastKnownFileType = text.plist.xml; path = Info.plist; sourceTree = "<group>"; };
		5C17F919303B93D2008FF959 /* Article to Kindle Extension.appex */ = {isa = PBXFileReference; explicitFileType = "wrapper.app-extension"; includeInIndex = 0; path = "Article to Kindle Extension.appex"; sourceTree = BUILT_PRODUCTS_DIR; };
		5C17F91E303B93D2008FF959 /* Info.plist */ = {isa = PBXFileReference; lastKnownFileType = text.plist.xml; path = Info.plist; sourceTree = "<group>"; };
		5C17F93E303B93D2008FF959 /* popup */ = {isa = PBXFileReference; lastKnownFileType = folder; name = popup; path = Resources/popup; sourceTree = "<group>"; };
		5C17F93F303B93D2008FF959 /* dist */ = {isa = PBXFileReference; lastKnownFileType = folder; name = dist; path = Resources/dist; sourceTree = "<group>"; };
		5C17F940303B93D2008FF959 /* welcome */ = {isa = PBXFileReference; lastKnownFileType = folder; name = welcome; path = Resources/welcome; sourceTree = "<group>"; };
		5C17F941303B93D2008FF959 /* icons */ = {isa = PBXFileReference; lastKnownFileType = folder; name = icons; path = Resources/icons; sourceTree = "<group>"; };
		5C17F942303B93D2008FF959 /* manifest.json */ = {isa = PBXFileReference; lastKnownFileType = text.json; name = manifest.json; path = Resources/manifest.json; sourceTree = "<group>"; };
		5C17F943303B93D2008FF959 /* _locales */ = {isa = PBXFileReference; lastKnownFileType = folder; name = _locales; path = Resources/_locales; sourceTree = "<group>"; };
		5C17F944303B93D2008FF959 /* src */ = {isa = PBXFileReference; lastKnownFileType = folder; name = src; path = Resources/src; sourceTree = "<group>"; };
/* End PBXFileReference section */

/* Begin PBXFrameworksBuildPhase section */
		5C17F8EE303B93D2008FF959 /* Frameworks */ = {
			isa = PBXFrameworksBuildPhase;
			buildActionMask = 2147483647;
			files = (
			);
			runOnlyForDeploymentPostprocessing = 0;
		};
		5C17F900303B93D2008FF959 /* Frameworks */ = {
			isa = PBXFrameworksBuildPhase;
			buildActionMask = 2147483647;
			files = (
			);
			runOnlyForDeploymentPostprocessing = 0;
		};
		5C17F90C303B93D2008FF959 /* Frameworks */ = {
			isa = PBXFrameworksBuildPhase;
			buildActionMask = 2147483647;
			files = (
			);
			runOnlyForDeploymentPostprocessing = 0;
		};
		5C17F916303B93D2008FF959 /* Frameworks */ = {
			isa = PBXFrameworksBuildPhase;
			buildActionMask = 2147483647;
			files = (
			);
			runOnlyForDeploymentPostprocessing = 0;
		};
/* End PBXFrameworksBuildPhase section */

/* Begin PBXGroup section */
		5C17F8DD303B93D1008FF959 = {
			isa = PBXGroup;
			children = (
				5C17F8E2303B93D1008FF959 /* Shared (App) */,
				5C17F8EB303B93D2008FF959 /* Shared (Extension) */,
				5C17F8F3303B93D2008FF959 /* iOS (App) */,
				5C17F904303B93D2008FF959 /* macOS (App) */,
				5C17F913303B93D2008FF959 /* iOS (Extension) */,
				5C17F91D303B93D2008FF959 /* macOS (Extension) */,
				5C17F8F2303B93D2008FF959 /* Products */,
			);
			sourceTree = "<group>";
		};
		5C17F8E2303B93D1008FF959 /* Shared (App) */ = {
			isa = PBXGroup;
			children = (
				5C17F8E9303B93D1008FF959 /* ViewController.swift */,
				5C17F8EA303B93D2008FF959 /* Assets.xcassets */,
				5C17F8E3303B93D1008FF959 /* Resources */,
			);
			path = "Shared (App)";
			sourceTree = "<group>";
		};
		5C17F8E3303B93D1008FF959 /* Resources */ = {
			isa = PBXGroup;
			children = (
				5C17F8E4303B93D1008FF959 /* Main.html */,
				5C17F8E6303B93D1008FF959 /* Icon.png */,
				5C17F8E7303B93D1008FF959 /* Style.css */,
				5C17F8E8303B93D1008FF959 /* Script.js */,
			);
			path = Resources;
			sourceTree = "<group>";
		};
		5C17F8EB303B93D2008FF959 /* Shared (Extension) */ = {
			isa = PBXGroup;
			children = (
				5C17F93D303B93D2008FF959 /* Resources */,
				5C17F8EC303B93D2008FF959 /* SafariWebExtensionHandler.swift */,
			);
			path = "Shared (Extension)";
			sourceTree = "<group>";
		};
		5C17F8F2303B93D2008FF959 /* Products */ = {
			isa = PBXGroup;
			children = (
				5C17F8F1303B93D2008FF959 /* Article to Kindle.app */,
				5C17F903303B93D2008FF959 /* Article to Kindle.app */,
				5C17F90F303B93D2008FF959 /* Article to Kindle Extension.appex */,
				5C17F919303B93D2008FF959 /* Article to Kindle Extension.appex */,
			);
			name = Products;
			sourceTree = "<group>";
		};
		5C17F8F3303B93D2008FF959 /* iOS (App) */ = {
			isa = PBXGroup;
			children = (
				5C17F8F4303B93D2008FF959 /* AppDelegate.swift */,
				5C17F8F6303B93D2008FF959 /* SceneDelegate.swift */,
				5C17F8F8303B93D2008FF959 /* LaunchScreen.storyboard */,
				5C17F8FB303B93D2008FF959 /* Main.storyboard */,
				5C17F8FE303B93D2008FF959 /* Info.plist */,
			);
			path = "iOS (App)";
			sourceTree = "<group>";
		};
		5C17F904303B93D2008FF959 /* macOS (App) */ = {
			isa = PBXGroup;
			children = (
				5C17F905303B93D2008FF959 /* AppDelegate.swift */,
				5C17F907303B93D2008FF959 /* Main.storyboard */,
				5C17F90A303B93D2008FF959 /* Info.plist */,
			);
			path = "macOS (App)";
			sourceTree = "<group>";
		};
		5C17F913303B93D2008FF959 /* iOS (Extension) */ = {
			isa = PBXGroup;
			children = (
				5C17F914303B93D2008FF959 /* Info.plist */,
			);
			path = "iOS (Extension)";
			sourceTree = "<group>";
		};
		5C17F91D303B93D2008FF959 /* macOS (Extension) */ = {
			isa = PBXGroup;
			children = (
				5C17F91E303B93D2008FF959 /* Info.plist */,
			);
			path = "macOS (Extension)";
			sourceTree = "<group>";
		};
		5C17F93D303B93D2008FF959 /* Resources */ = {
			isa = PBXGroup;
			children = (
				5C17F93E303B93D2008FF959 /* popup */,
				5C17F93F303B93D2008FF959 /* dist */,
				5C17F940303B93D2008FF959 /* welcome */,
				5C17F941303B93D2008FF959 /* icons */,
				5C17F942303B93D2008FF959 /* manifest.json */,
				5C17F943303B93D2008FF959 /* _locales */,
				5C17F944303B93D2008FF959 /* src */,
			);
			name = Resources;
			path = "Shared (Extension)";
			sourceTree = SOURCE_ROOT;
		};
/* End PBXGroup section */

/* Begin PBXNativeTarget section */
		5C17F8F0303B93D2008FF959 /* Article to Kindle (iOS) */ = {
			isa = PBXNativeTarget;
			buildConfigurationList = 5C17F933303B93D2008FF959 /* Build configuration list for PBXNativeTarget "Article to Kindle (iOS)" */;
			buildPhases = (
				5C17F8ED303B93D2008FF959 /* Sources */,
				5C17F8EE303B93D2008FF959 /* Frameworks */,
				5C17F8EF303B93D2008FF959 /* Resources */,
				5C17F932303B93D2008FF959 /* Embed Foundation Extensions */,
			);
			buildRules = (
			);
			dependencies = (
				5C17F912303B93D2008FF959 /* PBXTargetDependency */,
			);
			name = "Article to Kindle (iOS)";
			packageProductDependencies = (
			);
			productName = "Article to Kindle (iOS)";
			productReference = 5C17F8F1303B93D2008FF959 /* Article to Kindle.app */;
			productType = "com.apple.product-type.application";
		};
		5C17F902303B93D2008FF959 /* Article to Kindle (macOS) */ = {
			isa = PBXNativeTarget;
			buildConfigurationList = 5C17F93A303B93D2008FF959 /* Build configuration list for PBXNativeTarget "Article to Kindle (macOS)" */;
			buildPhases = (
				5C17F8FF303B93D2008FF959 /* Sources */,
				5C17F900303B93D2008FF959 /* Frameworks */,
				5C17F901303B93D2008FF959 /* Resources */,
				5C17F939303B93D2008FF959 /* Embed Foundation Extensions */,
			);
			buildRules = (
			);
			dependencies = (
				5C17F91C303B93D2008FF959 /* PBXTargetDependency */,
			);
			name = "Article to Kindle (macOS)";
			packageProductDependencies = (
			);
			productName = "Article to Kindle (macOS)";
			productReference = 5C17F903303B93D2008FF959 /* Article to Kindle.app */;
			productType = "com.apple.product-type.application";
		};
		5C17F90E303B93D2008FF959 /* Article to Kindle Extension (iOS) */ = {
			isa = PBXNativeTarget;
			buildConfigurationList = 5C17F92F303B93D2008FF959 /* Build configuration list for PBXNativeTarget "Article to Kindle Extension (iOS)" */;
			buildPhases = (
				5C17F90B303B93D2008FF959 /* Sources */,
				5C17F90C303B93D2008FF959 /* Frameworks */,
				5C17F90D303B93D2008FF959 /* Resources */,
			);
			buildRules = (
			);
			dependencies = (
			);
			name = "Article to Kindle Extension (iOS)";
			packageProductDependencies = (
			);
			productName = "Article to Kindle Extension (iOS)";
			productReference = 5C17F90F303B93D2008FF959 /* Article to Kindle Extension.appex */;
			productType = "com.apple.product-type.app-extension";
		};
		5C17F918303B93D2008FF959 /* Article to Kindle Extension (macOS) */ = {
			isa = PBXNativeTarget;
			buildConfigurationList = 5C17F936303B93D2008FF959 /* Build configuration list for PBXNativeTarget "Article to Kindle Extension (macOS)" */;
			buildPhases = (
				5C17F915303B93D2008FF959 /* Sources */,
				5C17F916303B93D2008FF959 /* Frameworks */,
				5C17F917303B93D2008FF959 /* Resources */,
			);
			buildRules = (
			);
			dependencies = (
			);
			name = "Article to Kindle Extension (macOS)";
			packageProductDependencies = (
			);
			productName = "Article to Kindle Extension (macOS)";
			productReference = 5C17F919303B93D2008FF959 /* Article to Kindle Extension.appex */;
			productType = "com.apple.product-type.app-extension";
		};
/* End PBXNativeTarget section */

/* Begin PBXProject section */
		5C17F8DE303B93D1008FF959 /* Project object */ = {
			isa = PBXProject;
			attributes = {
				BuildIndependentTargetsInParallel = 1;
				LastSwiftUpdateCheck = 2660;
				LastUpgradeCheck = 2660;
				TargetAttributes = {
					5C17F8F0303B93D2008FF959 = {
						CreatedOnToolsVersion = 26.6;
					};
					5C17F902303B93D2008FF959 = {
						CreatedOnToolsVersion = 26.6;
					};
					5C17F90E303B93D2008FF959 = {
						CreatedOnToolsVersion = 26.6;
					};
					5C17F918303B93D2008FF959 = {
						CreatedOnToolsVersion = 26.6;
					};
				};
			};
			buildConfigurationList = 5C17F8E1303B93D1008FF959 /* Build configuration list for PBXProject "Article to Kindle" */;
			developmentRegion = en;
			hasScannedForEncodings = 0;
			knownRegions = (
				en,
				Base,
			);
			mainGroup = 5C17F8DD303B93D1008FF959;
			minimizedProjectReferenceProxies = 1;
			preferredProjectObjectVersion = 77;
			productRefGroup = 5C17F8F2303B93D2008FF959 /* Products */;
			projectDirPath = "";
			projectRoot = "";
			targets = (
				5C17F8F0303B93D2008FF959 /* Article to Kindle (iOS) */,
				5C17F902303B93D2008FF959 /* Article to Kindle (macOS) */,
				5C17F90E303B93D2008FF959 /* Article to Kindle Extension (iOS) */,
				5C17F918303B93D2008FF959 /* Article to Kindle Extension (macOS) */,
			);
		};
/* End PBXProject section */

/* Begin PBXResourcesBuildPhase section */
		5C17F8EF303B93D2008FF959 /* Resources */ = {
			isa = PBXResourcesBuildPhase;
			buildActionMask = 2147483647;
			files = (
				5C17F921303B93D2008FF959 /* Icon.png in Resources */,
				5C17F8FA303B93D2008FF959 /* LaunchScreen.storyboard in Resources */,
				5C17F91F303B93D2008FF959 /* Main.html in Resources */,
				5C17F925303B93D2008FF959 /* Script.js in Resources */,
				5C17F929303B93D2008FF959 /* Assets.xcassets in Resources */,
				5C17F8FD303B93D2008FF959 /* Main.storyboard in Resources */,
				5C17F923303B93D2008FF959 /* Style.css in Resources */,
			);
			runOnlyForDeploymentPostprocessing = 0;
		};
		5C17F901303B93D2008FF959 /* Resources */ = {
			isa = PBXResourcesBuildPhase;
			buildActionMask = 2147483647;
			files = (
				5C17F922303B93D2008FF959 /* Icon.png in Resources */,
				5C17F924303B93D2008FF959 /* Style.css in Resources */,
				5C17F909303B93D2008FF959 /* Main.storyboard in Resources */,
				5C17F926303B93D2008FF959 /* Script.js in Resources */,
				5C17F92A303B93D2008FF959 /* Assets.xcassets in Resources */,
				5C17F920303B93D2008FF959 /* Main.html in Resources */,
			);
			runOnlyForDeploymentPostprocessing = 0;
		};
		5C17F90D303B93D2008FF959 /* Resources */ = {
			isa = PBXResourcesBuildPhase;
			buildActionMask = 2147483647;
			files = (
				5C17F951303B93D2008FF959 /* _locales in Resources */,
				5C17F94E303B93D2008FF959 /* welcome in Resources */,
				5C17F94F303B93D2008FF959 /* icons in Resources */,
				5C17F950303B93D2008FF959 /* manifest.json in Resources */,
				5C17F94D303B93D2008FF959 /* dist in Resources */,
				5C17F952303B93D2008FF959 /* src in Resources */,
				5C17F94C303B93D2008FF959 /* popup in Resources */,
			);
			runOnlyForDeploymentPostprocessing = 0;
		};
		5C17F917303B93D2008FF959 /* Resources */ = {
			isa = PBXResourcesBuildPhase;
			buildActionMask = 2147483647;
			files = (
				5C17F94A303B93D2008FF959 /* _locales in Resources */,
				5C17F947303B93D2008FF959 /* welcome in Resources */,
				5C17F948303B93D2008FF959 /* icons in Resources */,
				5C17F949303B93D2008FF959 /* manifest.json in Resources */,
				5C17F946303B93D2008FF959 /* dist in Resources */,
				5C17F94B303B93D2008FF959 /* src in Resources */,
				5C17F945303B93D2008FF959 /* popup in Resources */,
			);
			runOnlyForDeploymentPostprocessing = 0;
		};
/* End PBXResourcesBuildPhase section */

/* Begin PBXSourcesBuildPhase section */
		5C17F8ED303B93D2008FF959 /* Sources */ = {
			isa = PBXSourcesBuildPhase;
			buildActionMask = 2147483647;
			files = (
				5C17F927303B93D2008FF959 /* ViewController.swift in Sources */,
				5C17F8F5303B93D2008FF959 /* AppDelegate.swift in Sources */,
				5C17F8F7303B93D2008FF959 /* SceneDelegate.swift in Sources */,
			);
			runOnlyForDeploymentPostprocessing = 0;
		};
		5C17F8FF303B93D2008FF959 /* Sources */ = {
			isa = PBXSourcesBuildPhase;
			buildActionMask = 2147483647;
			files = (
				5C17F928303B93D2008FF959 /* ViewController.swift in Sources */,
				5C17F906303B93D2008FF959 /* AppDelegate.swift in Sources */,
			);
			runOnlyForDeploymentPostprocessing = 0;
		};
		5C17F90B303B93D2008FF959 /* Sources */ = {
			isa = PBXSourcesBuildPhase;
			buildActionMask = 2147483647;
			files = (
				5C17F92B303B93D2008FF959 /* SafariWebExtensionHandler.swift in Sources */,
			);
			runOnlyForDeploymentPostprocessing = 0;
		};
		5C17F915303B93D2008FF959 /* Sources */ = {
			isa = PBXSourcesBuildPhase;
			buildActionMask = 2147483647;
			files = (
				5C17F92C303B93D2008FF959 /* SafariWebExtensionHandler.swift in Sources */,
			);
			runOnlyForDeploymentPostprocessing = 0;
		};
/* End PBXSourcesBuildPhase section */

/* Begin PBXTargetDependency section */
		5C17F912303B93D2008FF959 /* PBXTargetDependency */ = {
			isa = PBXTargetDependency;
			target = 5C17F90E303B93D2008FF959 /* Article to Kindle Extension (iOS) */;
			targetProxy = 5C17F911303B93D2008FF959 /* PBXContainerItemProxy */;
		};
		5C17F91C303B93D2008FF959 /* PBXTargetDependency */ = {
			isa = PBXTargetDependency;
			target = 5C17F918303B93D2008FF959 /* Article to Kindle Extension (macOS) */;
			targetProxy = 5C17F91B303B93D2008FF959 /* PBXContainerItemProxy */;
		};
/* End PBXTargetDependency section */

/* Begin PBXVariantGroup section */
		5C17F8E4303B93D1008FF959 /* Main.html */ = {
			isa = PBXVariantGroup;
			children = (
				5C17F8E5303B93D1008FF959 /* Base */,
			);
			name = Main.html;
			sourceTree = "<group>";
		};
		5C17F8F8303B93D2008FF959 /* LaunchScreen.storyboard */ = {
			isa = PBXVariantGroup;
			children = (
				5C17F8F9303B93D2008FF959 /* Base */,
			);
			name = LaunchScreen.storyboard;
			sourceTree = "<group>";
		};
		5C17F8FB303B93D2008FF959 /* Main.storyboard */ = {
			isa = PBXVariantGroup;
			children = (
				5C17F8FC303B93D2008FF959 /* Base */,
			);
			name = Main.storyboard;
			sourceTree = "<group>";
		};
		5C17F907303B93D2008FF959 /* Main.storyboard */ = {
			isa = PBXVariantGroup;
			children = (
				5C17F908303B93D2008FF959 /* Base */,
			);
			name = Main.storyboard;
			sourceTree = "<group>";
		};
/* End PBXVariantGroup section */

/* Begin XCBuildConfiguration section */
		5C17F92D303B93D2008FF959 /* Debug */ = {
			isa = XCBuildConfiguration;
			buildSettings = {
				ALWAYS_SEARCH_USER_PATHS = NO;
				ASSETCATALOG_COMPILER_GENERATE_SWIFT_ASSET_SYMBOL_EXTENSIONS = YES;
				CLANG_ANALYZER_NONNULL = YES;
				CLANG_ANALYZER_NUMBER_OBJECT_CONVERSION = YES_AGGRESSIVE;
				CLANG_CXX_LANGUAGE_STANDARD = "gnu++20";
				CLANG_ENABLE_MODULES = YES;
				CLANG_ENABLE_OBJC_ARC = YES;
				CLANG_ENABLE_OBJC_WEAK = YES;
				CLANG_WARN_BLOCK_CAPTURE_AUTORELEASING = YES;
				CLANG_WARN_BOOL_CONVERSION = YES;
				CLANG_WARN_COMMA = YES;
				CLANG_WARN_CONSTANT_CONVERSION = YES;
				CLANG_WARN_DEPRECATED_OBJC_IMPLEMENTATIONS = YES;
				CLANG_WARN_DIRECT_OBJC_ISA_USAGE = YES_ERROR;
				CLANG_WARN_DOCUMENTATION_COMMENTS = YES;
				CLANG_WARN_EMPTY_BODY = YES;
				CLANG_WARN_ENUM_CONVERSION = YES;
				CLANG_WARN_INFINITE_RECURSION = YES;
				CLANG_WARN_INT_CONVERSION = YES;
				CLANG_WARN_NON_LITERAL_NULL_CONVERSION = YES;
				CLANG_WARN_OBJC_IMPLICIT_RETAIN_SELF = YES;
				CLANG_WARN_OBJC_LITERAL_CONVERSION = YES;
				CLANG_WARN_OBJC_ROOT_CLASS = YES_ERROR;
				CLANG_WARN_QUOTED_INCLUDE_IN_FRAMEWORK_HEADER = YES;
				CLANG_WARN_RANGE_LOOP_ANALYSIS = YES;
				CLANG_WARN_STRICT_PROTOTYPES = YES;
				CLANG_WARN_SUSPICIOUS_MOVE = YES;
				CLANG_WARN_UNGUARDED_AVAILABILITY = YES_AGGRESSIVE;
				CLANG_WARN_UNREACHABLE_CODE = YES;
				CLANG_WARN__DUPLICATE_METHOD_MATCH = YES;
				COPY_PHASE_STRIP = NO;
				DEBUG_INFORMATION_FORMAT = dwarf;
				ENABLE_STRICT_OBJC_MSGSEND = YES;
				ENABLE_TESTABILITY = YES;
				ENABLE_USER_SCRIPT_SANDBOXING = YES;
				GCC_C_LANGUAGE_STANDARD = gnu17;
				GCC_DYNAMIC_NO_PIC = NO;
				GCC_NO_COMMON_BLOCKS = YES;
				GCC_OPTIMIZATION_LEVEL = 0;
				GCC_PREPROCESSOR_DEFINITIONS = (
					"DEBUG=1",
					"$(inherited)",
				);
				GCC_WARN_64_TO_32_BIT_CONVERSION = YES;
				GCC_WARN_ABOUT_RETURN_TYPE = YES_ERROR;
				GCC_WARN_UNDECLARED_SELECTOR = YES;
				GCC_WARN_UNINITIALIZED_AUTOS = YES_AGGRESSIVE;
				GCC_WARN_UNUSED_FUNCTION = YES;
				GCC_WARN_UNUSED_VARIABLE = YES;
				LOCALIZATION_PREFERS_STRING_CATALOGS = YES;
				MTL_ENABLE_DEBUG_INFO = INCLUDE_SOURCE;
				MTL_FAST_MATH = YES;
				ONLY_ACTIVE_ARCH = YES;
				SWIFT_ACTIVE_COMPILATION_CONDITIONS = "DEBUG $(inherited)";
				SWIFT_OPTIMIZATION_LEVEL = "-Onone";
			};
			name = Debug;
		};
		5C17F92E303B93D2008FF959 /* Release */ = {
			isa = XCBuildConfiguration;
			buildSettings = {
				ALWAYS_SEARCH_USER_PATHS = NO;
				ASSETCATALOG_COMPILER_GENERATE_SWIFT_ASSET_SYMBOL_EXTENSIONS = YES;
				CLANG_ANALYZER_NONNULL = YES;
				CLANG_ANALYZER_NUMBER_OBJECT_CONVERSION = YES_AGGRESSIVE;
				CLANG_CXX_LANGUAGE_STANDARD = "gnu++20";
				CLANG_ENABLE_MODULES = YES;
				CLANG_ENABLE_OBJC_ARC = YES;
				CLANG_ENABLE_OBJC_WEAK = YES;
				CLANG_WARN_BLOCK_CAPTURE_AUTORELEASING = YES;
				CLANG_WARN_BOOL_CONVERSION = YES;
				CLANG_WARN_COMMA = YES;
				CLANG_WARN_CONSTANT_CONVERSION = YES;
				CLANG_WARN_DEPRECATED_OBJC_IMPLEMENTATIONS = YES;
				CLANG_WARN_DIRECT_OBJC_ISA_USAGE = YES_ERROR;
				CLANG_WARN_DOCUMENTATION_COMMENTS = YES;
				CLANG_WARN_EMPTY_BODY = YES;
				CLANG_WARN_ENUM_CONVERSION = YES;
				CLANG_WARN_INFINITE_RECURSION = YES;
				CLANG_WARN_INT_CONVERSION = YES;
				CLANG_WARN_NON_LITERAL_NULL_CONVERSION = YES;
				CLANG_WARN_OBJC_IMPLICIT_RETAIN_SELF = YES;
				CLANG_WARN_OBJC_LITERAL_CONVERSION = YES;
				CLANG_WARN_OBJC_ROOT_CLASS = YES_ERROR;
				CLANG_WARN_QUOTED_INCLUDE_IN_FRAMEWORK_HEADER = YES;
				CLANG_WARN_RANGE_LOOP_ANALYSIS = YES;
				CLANG_WARN_STRICT_PROTOTYPES = YES;
				CLANG_WARN_SUSPICIOUS_MOVE = YES;
				CLANG_WARN_UNGUARDED_AVAILABILITY = YES_AGGRESSIVE;
				CLANG_WARN_UNREACHABLE_CODE = YES;
				CLANG_WARN__DUPLICATE_METHOD_MATCH = YES;
				COPY_PHASE_STRIP = NO;
				DEBUG_INFORMATION_FORMAT = "dwarf-with-dsym";
				ENABLE_NS_ASSERTIONS = NO;
				ENABLE_STRICT_OBJC_MSGSEND = YES;
				ENABLE_USER_SCRIPT_SANDBOXING = YES;
				GCC_C_LANGUAGE_STANDARD = gnu17;
				GCC_NO_COMMON_BLOCKS = YES;
				GCC_WARN_64_TO_32_BIT_CONVERSION = YES;
				GCC_WARN_ABOUT_RETURN_TYPE = YES_ERROR;
				GCC_WARN_UNDECLARED_SELECTOR = YES;
				GCC_WARN_UNINITIALIZED_AUTOS = YES_AGGRESSIVE;
				GCC_WARN_UNUSED_FUNCTION = YES;
				GCC_WARN_UNUSED_VARIABLE = YES;
				LOCALIZATION_PREFERS_STRING_CATALOGS = YES;
				MTL_ENABLE_DEBUG_INFO = NO;
				MTL_FAST_MATH = YES;
				SWIFT_COMPILATION_MODE = wholemodule;
			};
			name = Release;
		};
		5C17F930303B93D2008FF959 /* Debug */ = {
			isa = XCBuildConfiguration;
			buildSettings = {
				CODE_SIGN_STYLE = Automatic;
				CURRENT_PROJECT_VERSION = 1;
				GENERATE_INFOPLIST_FILE = YES;
				INFOPLIST_FILE = "iOS (Extension)/Info.plist";
				INFOPLIST_KEY_CFBundleDisplayName = "Article to Kindle Extension";
				INFOPLIST_KEY_NSHumanReadableCopyright = "";
				IPHONEOS_DEPLOYMENT_TARGET = 15.0;
				LD_RUNPATH_SEARCH_PATHS = (
					"$(inherited)",
					"@executable_path/Frameworks",
					"@executable_path/../../Frameworks",
				);
				MARKETING_VERSION = 1.0;
				OTHER_LDFLAGS = (
					"-framework",
					SafariServices,
				);
				PRODUCT_BUNDLE_IDENTIFIER = app.articletokindle.Extension;
				PRODUCT_NAME = "Article to Kindle Extension";
				SDKROOT = iphoneos;
				SKIP_INSTALL = YES;
				STRING_CATALOG_GENERATE_SYMBOLS = YES;
				SWIFT_APPROACHABLE_CONCURRENCY = YES;
				SWIFT_EMIT_LOC_STRINGS = YES;
				SWIFT_UPCOMING_FEATURE_MEMBER_IMPORT_VISIBILITY = YES;
				SWIFT_VERSION = 5.0;
				TARGETED_DEVICE_FAMILY = "1,2";
			};
			name = Debug;
		};
		5C17F931303B93D2008FF959 /* Release */ = {
			isa = XCBuildConfiguration;
			buildSettings = {
				CODE_SIGN_STYLE = Automatic;
				CURRENT_PROJECT_VERSION = 1;
				GENERATE_INFOPLIST_FILE = YES;
				INFOPLIST_FILE = "iOS (Extension)/Info.plist";
				INFOPLIST_KEY_CFBundleDisplayName = "Article to Kindle Extension";
				INFOPLIST_KEY_NSHumanReadableCopyright = "";
				IPHONEOS_DEPLOYMENT_TARGET = 15.0;
				LD_RUNPATH_SEARCH_PATHS = (
					"$(inherited)",
					"@executable_path/Frameworks",
					"@executable_path/../../Frameworks",
				);
				MARKETING_VERSION = 1.0;
				OTHER_LDFLAGS = (
					"-framework",
					SafariServices,
				);
				PRODUCT_BUNDLE_IDENTIFIER = app.articletokindle.Extension;
				PRODUCT_NAME = "Article to Kindle Extension";
				SDKROOT = iphoneos;
				SKIP_INSTALL = YES;
				STRING_CATALOG_GENERATE_SYMBOLS = YES;
				SWIFT_APPROACHABLE_CONCURRENCY = YES;
				SWIFT_EMIT_LOC_STRINGS = YES;
				SWIFT_UPCOMING_FEATURE_MEMBER_IMPORT_VISIBILITY = YES;
				SWIFT_VERSION = 5.0;
				TARGETED_DEVICE_FAMILY = "1,2";
				VALIDATE_PRODUCT = YES;
			};
			name = Release;
		};
		5C17F934303B93D2008FF959 /* Debug */ = {
			isa = XCBuildConfiguration;
			buildSettings = {
				ASSETCATALOG_COMPILER_APPICON_NAME = AppIcon;
				ASSETCATALOG_COMPILER_GLOBAL_ACCENT_COLOR_NAME = AccentColor;
				CODE_SIGN_STYLE = Automatic;
				CURRENT_PROJECT_VERSION = 1;
				GENERATE_INFOPLIST_FILE = YES;
				INFOPLIST_FILE = "iOS (App)/Info.plist";
				INFOPLIST_KEY_CFBundleDisplayName = "Article to Kindle";
				INFOPLIST_KEY_UIApplicationSupportsIndirectInputEvents = YES;
				INFOPLIST_KEY_UILaunchStoryboardName = LaunchScreen;
				INFOPLIST_KEY_UIMainStoryboardFile = Main;
				INFOPLIST_KEY_UISupportedInterfaceOrientations = "UIInterfaceOrientationPortrait UIInterfaceOrientationLandscapeLeft UIInterfaceOrientationLandscapeRight";
				INFOPLIST_KEY_UISupportedInterfaceOrientations_iPad = "UIInterfaceOrientationPortrait UIInterfaceOrientationPortraitUpsideDown UIInterfaceOrientationLandscapeLeft UIInterfaceOrientationLandscapeRight";
				IPHONEOS_DEPLOYMENT_TARGET = 15.0;
				LD_RUNPATH_SEARCH_PATHS = (
					"$(inherited)",
					"@executable_path/Frameworks",
				);
				MARKETING_VERSION = 1.0;
				OTHER_LDFLAGS = (
					"-framework",
					SafariServices,
					"-framework",
					WebKit,
				);
				PRODUCT_BUNDLE_IDENTIFIER = app.articletokindle;
				PRODUCT_NAME = "Article to Kindle";
				SDKROOT = iphoneos;
				STRING_CATALOG_GENERATE_SYMBOLS = YES;
				SWIFT_APPROACHABLE_CONCURRENCY = YES;
				SWIFT_DEFAULT_ACTOR_ISOLATION = MainActor;
				SWIFT_EMIT_LOC_STRINGS = YES;
				SWIFT_UPCOMING_FEATURE_MEMBER_IMPORT_VISIBILITY = YES;
				SWIFT_VERSION = 5.0;
				TARGETED_DEVICE_FAMILY = "1,2";
			};
			name = Debug;
		};
		5C17F935303B93D2008FF959 /* Release */ = {
			isa = XCBuildConfiguration;
			buildSettings = {
				ASSETCATALOG_COMPILER_APPICON_NAME = AppIcon;
				ASSETCATALOG_COMPILER_GLOBAL_ACCENT_COLOR_NAME = AccentColor;
				CODE_SIGN_STYLE = Automatic;
				CURRENT_PROJECT_VERSION = 1;
				GENERATE_INFOPLIST_FILE = YES;
				INFOPLIST_FILE = "iOS (App)/Info.plist";
				INFOPLIST_KEY_CFBundleDisplayName = "Article to Kindle";
				INFOPLIST_KEY_UIApplicationSupportsIndirectInputEvents = YES;
				INFOPLIST_KEY_UILaunchStoryboardName = LaunchScreen;
				INFOPLIST_KEY_UIMainStoryboardFile = Main;
				INFOPLIST_KEY_UISupportedInterfaceOrientations = "UIInterfaceOrientationPortrait UIInterfaceOrientationLandscapeLeft UIInterfaceOrientationLandscapeRight";
				INFOPLIST_KEY_UISupportedInterfaceOrientations_iPad = "UIInterfaceOrientationPortrait UIInterfaceOrientationPortraitUpsideDown UIInterfaceOrientationLandscapeLeft UIInterfaceOrientationLandscapeRight";
				IPHONEOS_DEPLOYMENT_TARGET = 15.0;
				LD_RUNPATH_SEARCH_PATHS = (
					"$(inherited)",
					"@executable_path/Frameworks",
				);
				MARKETING_VERSION = 1.0;
				OTHER_LDFLAGS = (
					"-framework",
					SafariServices,
					"-framework",
					WebKit,
				);
				PRODUCT_BUNDLE_IDENTIFIER = app.articletokindle;
				PRODUCT_NAME = "Article to Kindle";
				SDKROOT = iphoneos;
				STRING_CATALOG_GENERATE_SYMBOLS = YES;
				SWIFT_APPROACHABLE_CONCURRENCY = YES;
				SWIFT_DEFAULT_ACTOR_ISOLATION = MainActor;
				SWIFT_EMIT_LOC_STRINGS = YES;
				SWIFT_UPCOMING_FEATURE_MEMBER_IMPORT_VISIBILITY = YES;
				SWIFT_VERSION = 5.0;
				TARGETED_DEVICE_FAMILY = "1,2";
				VALIDATE_PRODUCT = YES;
			};
			name = Release;
		};
		5C17F937303B93D2008FF959 /* Debug */ = {
			isa = XCBuildConfiguration;
			buildSettings = {
				CODE_SIGN_STYLE = Automatic;
				CURRENT_PROJECT_VERSION = 1;
				ENABLE_APP_SANDBOX = YES;
				ENABLE_HARDENED_RUNTIME = YES;
				ENABLE_USER_SELECTED_FILES = readonly;
				GENERATE_INFOPLIST_FILE = YES;
				INFOPLIST_FILE = "macOS (Extension)/Info.plist";
				INFOPLIST_KEY_CFBundleDisplayName = "Article to Kindle Extension";
				INFOPLIST_KEY_NSHumanReadableCopyright = "";
				LD_RUNPATH_SEARCH_PATHS = (
					"$(inherited)",
					"@executable_path/../Frameworks",
					"@executable_path/../../../../Frameworks",
				);
				MACOSX_DEPLOYMENT_TARGET = 10.14;
				MARKETING_VERSION = 1.0;
				OTHER_LDFLAGS = (
					"-framework",
					SafariServices,
				);
				PRODUCT_BUNDLE_IDENTIFIER = app.articletokindle.Extension;
				PRODUCT_NAME = "Article to Kindle Extension";
				SDKROOT = macosx;
				SKIP_INSTALL = YES;
				STRING_CATALOG_GENERATE_SYMBOLS = YES;
				SWIFT_APPROACHABLE_CONCURRENCY = YES;
				SWIFT_EMIT_LOC_STRINGS = YES;
				SWIFT_UPCOMING_FEATURE_MEMBER_IMPORT_VISIBILITY = YES;
				SWIFT_VERSION = 5.0;
			};
			name = Debug;
		};
		5C17F938303B93D2008FF959 /* Release */ = {
			isa = XCBuildConfiguration;
			buildSettings = {
				CODE_SIGN_STYLE = Automatic;
				CURRENT_PROJECT_VERSION = 1;
				ENABLE_APP_SANDBOX = YES;
				ENABLE_HARDENED_RUNTIME = YES;
				ENABLE_USER_SELECTED_FILES = readonly;
				GENERATE_INFOPLIST_FILE = YES;
				INFOPLIST_FILE = "macOS (Extension)/Info.plist";
				INFOPLIST_KEY_CFBundleDisplayName = "Article to Kindle Extension";
				INFOPLIST_KEY_NSHumanReadableCopyright = "";
				LD_RUNPATH_SEARCH_PATHS = (
					"$(inherited)",
					"@executable_path/../Frameworks",
					"@executable_path/../../../../Frameworks",
				);
				MACOSX_DEPLOYMENT_TARGET = 10.14;
				MARKETING_VERSION = 1.0;
				OTHER_LDFLAGS = (
					"-framework",
					SafariServices,
				);
				PRODUCT_BUNDLE_IDENTIFIER = app.articletokindle.Extension;
				PRODUCT_NAME = "Article to Kindle Extension";
				SDKROOT = macosx;
				SKIP_INSTALL = YES;
				STRING_CATALOG_GENERATE_SYMBOLS = YES;
				SWIFT_APPROACHABLE_CONCURRENCY = YES;
				SWIFT_EMIT_LOC_STRINGS = YES;
				SWIFT_UPCOMING_FEATURE_MEMBER_IMPORT_VISIBILITY = YES;
				SWIFT_VERSION = 5.0;
			};
			name = Release;
		};
		5C17F93B303B93D2008FF959 /* Debug */ = {
			isa = XCBuildConfiguration;
			buildSettings = {
				ASSETCATALOG_COMPILER_APPICON_NAME = AppIcon;
				ASSETCATALOG_COMPILER_GLOBAL_ACCENT_COLOR_NAME = AccentColor;
				CODE_SIGN_STYLE = Automatic;
				CURRENT_PROJECT_VERSION = 1;
				ENABLE_APP_SANDBOX = YES;
				ENABLE_HARDENED_RUNTIME = YES;
				ENABLE_OUTGOING_NETWORK_CONNECTIONS = YES;
				ENABLE_USER_SELECTED_FILES = readonly;
				GENERATE_INFOPLIST_FILE = YES;
				INFOPLIST_FILE = "macOS (App)/Info.plist";
				INFOPLIST_KEY_CFBundleDisplayName = "Article to Kindle";
				INFOPLIST_KEY_NSMainStoryboardFile = Main;
				INFOPLIST_KEY_NSPrincipalClass = NSApplication;
				LD_RUNPATH_SEARCH_PATHS = (
					"$(inherited)",
					"@executable_path/../Frameworks",
				);
				MACOSX_DEPLOYMENT_TARGET = 10.14;
				MARKETING_VERSION = 1.0;
				OTHER_LDFLAGS = (
					"-framework",
					SafariServices,
					"-framework",
					WebKit,
				);
				PRODUCT_BUNDLE_IDENTIFIER = app.articletokindle;
				PRODUCT_NAME = "Article to Kindle";
				REGISTER_APP_GROUPS = YES;
				SDKROOT = macosx;
				STRING_CATALOG_GENERATE_SYMBOLS = YES;
				SWIFT_APPROACHABLE_CONCURRENCY = YES;
				SWIFT_DEFAULT_ACTOR_ISOLATION = MainActor;
				SWIFT_EMIT_LOC_STRINGS = YES;
				SWIFT_UPCOMING_FEATURE_MEMBER_IMPORT_VISIBILITY = YES;
				SWIFT_VERSION = 5.0;
			};
			name = Debug;
		};
		5C17F93C303B93D2008FF959 /* Release */ = {
			isa = XCBuildConfiguration;
			buildSettings = {
				ASSETCATALOG_COMPILER_APPICON_NAME = AppIcon;
				ASSETCATALOG_COMPILER_GLOBAL_ACCENT_COLOR_NAME = AccentColor;
				CODE_SIGN_STYLE = Automatic;
				CURRENT_PROJECT_VERSION = 1;
				ENABLE_APP_SANDBOX = YES;
				ENABLE_HARDENED_RUNTIME = YES;
				ENABLE_OUTGOING_NETWORK_CONNECTIONS = YES;
				ENABLE_USER_SELECTED_FILES = readonly;
				GENERATE_INFOPLIST_FILE = YES;
				INFOPLIST_FILE = "macOS (App)/Info.plist";
				INFOPLIST_KEY_CFBundleDisplayName = "Article to Kindle";
				INFOPLIST_KEY_NSMainStoryboardFile = Main;
				INFOPLIST_KEY_NSPrincipalClass = NSApplication;
				LD_RUNPATH_SEARCH_PATHS = (
					"$(inherited)",
					"@executable_path/../Frameworks",
				);
				MACOSX_DEPLOYMENT_TARGET = 10.14;
				MARKETING_VERSION = 1.0;
				OTHER_LDFLAGS = (
					"-framework",
					SafariServices,
					"-framework",
					WebKit,
				);
				PRODUCT_BUNDLE_IDENTIFIER = app.articletokindle;
				PRODUCT_NAME = "Article to Kindle";
				REGISTER_APP_GROUPS = YES;
				SDKROOT = macosx;
				STRING_CATALOG_GENERATE_SYMBOLS = YES;
				SWIFT_APPROACHABLE_CONCURRENCY = YES;
				SWIFT_DEFAULT_ACTOR_ISOLATION = MainActor;
				SWIFT_EMIT_LOC_STRINGS = YES;
				SWIFT_UPCOMING_FEATURE_MEMBER_IMPORT_VISIBILITY = YES;
				SWIFT_VERSION = 5.0;
			};
			name = Release;
		};
/* End XCBuildConfiguration section */

/* Begin XCConfigurationList section */
		5C17F8E1303B93D1008FF959 /* Build configuration list for PBXProject "Article to Kindle" */ = {
			isa = XCConfigurationList;
			buildConfigurations = (
				5C17F92D303B93D2008FF959 /* Debug */,
				5C17F92E303B93D2008FF959 /* Release */,
			);
			defaultConfigurationIsVisible = 0;
			defaultConfigurationName = Release;
		};
		5C17F92F303B93D2008FF959 /* Build configuration list for PBXNativeTarget "Article to Kindle Extension (iOS)" */ = {
			isa = XCConfigurationList;
			buildConfigurations = (
				5C17F930303B93D2008FF959 /* Debug */,
				5C17F931303B93D2008FF959 /* Release */,
			);
			defaultConfigurationIsVisible = 0;
			defaultConfigurationName = Release;
		};
		5C17F933303B93D2008FF959 /* Build configuration list for PBXNativeTarget "Article to Kindle (iOS)" */ = {
			isa = XCConfigurationList;
			buildConfigurations = (
				5C17F934303B93D2008FF959 /* Debug */,
				5C17F935303B93D2008FF959 /* Release */,
			);
			defaultConfigurationIsVisible = 0;
			defaultConfigurationName = Release;
		};
		5C17F936303B93D2008FF959 /* Build configuration list for PBXNativeTarget "Article to Kindle Extension (macOS)" */ = {
			isa = XCConfigurationList;
			buildConfigurations = (
				5C17F937303B93D2008FF959 /* Debug */,
				5C17F938303B93D2008FF959 /* Release */,
			);
			defaultConfigurationIsVisible = 0;
			defaultConfigurationName = Release;
		};
		5C17F93A303B93D2008FF959 /* Build configuration list for PBXNativeTarget "Article to Kindle (macOS)" */ = {
			isa = XCConfigurationList;
			buildConfigurations = (
				5C17F93B303B93D2008FF959 /* Debug */,
				5C17F93C303B93D2008FF959 /* Release */,
			);
			defaultConfigurationIsVisible = 0;
			defaultConfigurationName = Release;
		};
/* End XCConfigurationList section */
	};
	rootObject = 5C17F8DE303B93D1008FF959 /* Project object */;
}
