// !$*UTF8*$!
{
	archiveVersion = 1;
	classes = {
	};
	objectVersion = 77;
	objects = {

/* Begin PBXBuildFile section */
		5CD17333303C316D00982D70 /* AppDelegate.swift in Sources */ = {isa = PBXBuildFile; fileRef = 5CD17332303C316D00982D70 /* AppDelegate.swift */; };
		5CD17335303C316D00982D70 /* SceneDelegate.swift in Sources */ = {isa = PBXBuildFile; fileRef = 5CD17334303C316D00982D70 /* SceneDelegate.swift */; };
		5CD17338303C316D00982D70 /* LaunchScreen.storyboard in Resources */ = {isa = PBXBuildFile; fileRef = 5CD17336303C316D00982D70 /* LaunchScreen.storyboard */; };
		5CD1733B303C316D00982D70 /* Main.storyboard in Resources */ = {isa = PBXBuildFile; fileRef = 5CD17339303C316D00982D70 /* Main.storyboard */; };
		5CD17344303C316D00982D70 /* AppDelegate.swift in Sources */ = {isa = PBXBuildFile; fileRef = 5CD17343303C316D00982D70 /* AppDelegate.swift */; };
		5CD17347303C316D00982D70 /* Main.storyboard in Resources */ = {isa = PBXBuildFile; fileRef = 5CD17345303C316D00982D70 /* Main.storyboard */; };
		5CD1734E303C316D00982D70 /* Article to Kindle Extension.appex in Embed Foundation Extensions */ = {isa = PBXBuildFile; fileRef = 5CD1734D303C316D00982D70 /* Article to Kindle Extension.appex */; settings = {ATTRIBUTES = (RemoveHeadersOnCopy, ); }; };
		5CD17358303C316D00982D70 /* Article to Kindle Extension.appex in Embed Foundation Extensions */ = {isa = PBXBuildFile; fileRef = 5CD17357303C316D00982D70 /* Article to Kindle Extension.appex */; settings = {ATTRIBUTES = (RemoveHeadersOnCopy, ); }; };
		5CD1735D303C316D00982D70 /* Main.html in Resources */ = {isa = PBXBuildFile; fileRef = 5CD17322303C316C00982D70 /* Main.html */; };
		5CD1735E303C316D00982D70 /* Main.html in Resources */ = {isa = PBXBuildFile; fileRef = 5CD17322303C316C00982D70 /* Main.html */; };
		5CD1735F303C316D00982D70 /* Icon.png in Resources */ = {isa = PBXBuildFile; fileRef = 5CD17324303C316C00982D70 /* Icon.png */; };
		5CD17360303C316D00982D70 /* Icon.png in Resources */ = {isa = PBXBuildFile; fileRef = 5CD17324303C316C00982D70 /* Icon.png */; };
		5CD17361303C316D00982D70 /* Style.css in Resources */ = {isa = PBXBuildFile; fileRef = 5CD17325303C316C00982D70 /* Style.css */; };
		5CD17362303C316D00982D70 /* Style.css in Resources */ = {isa = PBXBuildFile; fileRef = 5CD17325303C316C00982D70 /* Style.css */; };
		5CD17363303C316D00982D70 /* Script.js in Resources */ = {isa = PBXBuildFile; fileRef = 5CD17326303C316C00982D70 /* Script.js */; };
		5CD17364303C316D00982D70 /* Script.js in Resources */ = {isa = PBXBuildFile; fileRef = 5CD17326303C316C00982D70 /* Script.js */; };
		5CD17365303C316D00982D70 /* ViewController.swift in Sources */ = {isa = PBXBuildFile; fileRef = 5CD17327303C316C00982D70 /* ViewController.swift */; };
		5CD17366303C316D00982D70 /* ViewController.swift in Sources */ = {isa = PBXBuildFile; fileRef = 5CD17327303C316C00982D70 /* ViewController.swift */; };
		5CD17367303C316D00982D70 /* Assets.xcassets in Resources */ = {isa = PBXBuildFile; fileRef = 5CD17328303C316D00982D70 /* Assets.xcassets */; };
		5CD17368303C316D00982D70 /* Assets.xcassets in Resources */ = {isa = PBXBuildFile; fileRef = 5CD17328303C316D00982D70 /* Assets.xcassets */; };
		5CD17369303C316D00982D70 /* SafariWebExtensionHandler.swift in Sources */ = {isa = PBXBuildFile; fileRef = 5CD1732A303C316D00982D70 /* SafariWebExtensionHandler.swift */; };
		5CD1736A303C316D00982D70 /* SafariWebExtensionHandler.swift in Sources */ = {isa = PBXBuildFile; fileRef = 5CD1732A303C316D00982D70 /* SafariWebExtensionHandler.swift */; };
		5CD17384303C316D00982D70 /* popup in Resources */ = {isa = PBXBuildFile; fileRef = 5CD1737C303C316D00982D70 /* popup */; };
		5CD17385303C316D00982D70 /* dist in Resources */ = {isa = PBXBuildFile; fileRef = 5CD1737D303C316D00982D70 /* dist */; };
		5CD17386303C316D00982D70 /* about in Resources */ = {isa = PBXBuildFile; fileRef = 5CD1737E303C316D00982D70 /* about */; };
		5CD17387303C316D00982D70 /* welcome in Resources */ = {isa = PBXBuildFile; fileRef = 5CD1737F303C316D00982D70 /* welcome */; };
		5CD17388303C316D00982D70 /* icons in Resources */ = {isa = PBXBuildFile; fileRef = 5CD17380303C316D00982D70 /* icons */; };
		5CD17389303C316D00982D70 /* manifest.json in Resources */ = {isa = PBXBuildFile; fileRef = 5CD17381303C316D00982D70 /* manifest.json */; };
		5CD1738A303C316D00982D70 /* _locales in Resources */ = {isa = PBXBuildFile; fileRef = 5CD17382303C316D00982D70 /* _locales */; };
		5CD1738B303C316D00982D70 /* src in Resources */ = {isa = PBXBuildFile; fileRef = 5CD17383303C316D00982D70 /* src */; };
		5CD1738C303C316D00982D70 /* popup in Resources */ = {isa = PBXBuildFile; fileRef = 5CD1737C303C316D00982D70 /* popup */; };
		5CD1738D303C316E00982D70 /* dist in Resources */ = {isa = PBXBuildFile; fileRef = 5CD1737D303C316D00982D70 /* dist */; };
		5CD1738E303C316E00982D70 /* about in Resources */ = {isa = PBXBuildFile; fileRef = 5CD1737E303C316D00982D70 /* about */; };
		5CD1738F303C316E00982D70 /* welcome in Resources */ = {isa = PBXBuildFile; fileRef = 5CD1737F303C316D00982D70 /* welcome */; };
		5CD17390303C316E00982D70 /* icons in Resources */ = {isa = PBXBuildFile; fileRef = 5CD17380303C316D00982D70 /* icons */; };
		5CD17391303C316E00982D70 /* manifest.json in Resources */ = {isa = PBXBuildFile; fileRef = 5CD17381303C316D00982D70 /* manifest.json */; };
		5CD17392303C316E00982D70 /* _locales in Resources */ = {isa = PBXBuildFile; fileRef = 5CD17382303C316D00982D70 /* _locales */; };
		5CD17393303C316E00982D70 /* src in Resources */ = {isa = PBXBuildFile; fileRef = 5CD17383303C316D00982D70 /* src */; };
/* End PBXBuildFile section */

/* Begin PBXContainerItemProxy section */
		5CD1734F303C316D00982D70 /* PBXContainerItemProxy */ = {
			isa = PBXContainerItemProxy;
			containerPortal = 5CD1731C303C316C00982D70 /* Project object */;
			proxyType = 1;
			remoteGlobalIDString = 5CD1734C303C316D00982D70;
			remoteInfo = "Article to Kindle Extension (iOS)";
		};
		5CD17359303C316D00982D70 /* PBXContainerItemProxy */ = {
			isa = PBXContainerItemProxy;
			containerPortal = 5CD1731C303C316C00982D70 /* Project object */;
			proxyType = 1;
			remoteGlobalIDString = 5CD17356303C316D00982D70;
			remoteInfo = "Article to Kindle Extension (macOS)";
		};
/* End PBXContainerItemProxy section */

/* Begin PBXCopyFilesBuildPhase section */
		5CD17370303C316D00982D70 /* Embed Foundation Extensions */ = {
			isa = PBXCopyFilesBuildPhase;
			buildActionMask = 2147483647;
			dstPath = "";
			dstSubfolderSpec = 13;
			files = (
				5CD1734E303C316D00982D70 /* Article to Kindle Extension.appex in Embed Foundation Extensions */,
			);
			name = "Embed Foundation Extensions";
			runOnlyForDeploymentPostprocessing = 0;
		};
		5CD17377303C316D00982D70 /* Embed Foundation Extensions */ = {
			isa = PBXCopyFilesBuildPhase;
			buildActionMask = 2147483647;
			dstPath = "";
			dstSubfolderSpec = 13;
			files = (
				5CD17358303C316D00982D70 /* Article to Kindle Extension.appex in Embed Foundation Extensions */,
			);
			name = "Embed Foundation Extensions";
			runOnlyForDeploymentPostprocessing = 0;
		};
/* End PBXCopyFilesBuildPhase section */

/* Begin PBXFileReference section */
		5CD17323303C316C00982D70 /* Base */ = {isa = PBXFileReference; lastKnownFileType = text.html; name = Base; path = Base.lproj/Main.html; sourceTree = "<group>"; };
		5CD17324303C316C00982D70 /* Icon.png */ = {isa = PBXFileReference; lastKnownFileType = image.png; path = Icon.png; sourceTree = "<group>"; };
		5CD17325303C316C00982D70 /* Style.css */ = {isa = PBXFileReference; lastKnownFileType = text.css; path = Style.css; sourceTree = "<group>"; };
		5CD17326303C316C00982D70 /* Script.js */ = {isa = PBXFileReference; lastKnownFileType = sourcecode.javascript; path = Script.js; sourceTree = "<group>"; };
		5CD17327303C316C00982D70 /* ViewController.swift */ = {isa = PBXFileReference; lastKnownFileType = sourcecode.swift; path = ViewController.swift; sourceTree = "<group>"; };
		5CD17328303C316D00982D70 /* Assets.xcassets */ = {isa = PBXFileReference; lastKnownFileType = folder.assetcatalog; path = Assets.xcassets; sourceTree = "<group>"; };
		5CD1732A303C316D00982D70 /* SafariWebExtensionHandler.swift */ = {isa = PBXFileReference; lastKnownFileType = sourcecode.swift; path = SafariWebExtensionHandler.swift; sourceTree = "<group>"; };
		5CD1732F303C316D00982D70 /* Article to Kindle.app */ = {isa = PBXFileReference; explicitFileType = wrapper.application; includeInIndex = 0; path = "Article to Kindle.app"; sourceTree = BUILT_PRODUCTS_DIR; };
		5CD17332303C316D00982D70 /* AppDelegate.swift */ = {isa = PBXFileReference; lastKnownFileType = sourcecode.swift; path = AppDelegate.swift; sourceTree = "<group>"; };
		5CD17334303C316D00982D70 /* SceneDelegate.swift */ = {isa = PBXFileReference; lastKnownFileType = sourcecode.swift; path = SceneDelegate.swift; sourceTree = "<group>"; };
		5CD17337303C316D00982D70 /* Base */ = {isa = PBXFileReference; lastKnownFileType = file.storyboard; name = Base; path = Base.lproj/LaunchScreen.storyboard; sourceTree = "<group>"; };
		5CD1733A303C316D00982D70 /* Base */ = {isa = PBXFileReference; lastKnownFileType = file.storyboard; name = Base; path = Base.lproj/Main.storyboard; sourceTree = "<group>"; };
		5CD1733C303C316D00982D70 /* Info.plist */ = {isa = PBXFileReference; lastKnownFileType = text.plist.xml; path = Info.plist; sourceTree = "<group>"; };
		5CD17341303C316D00982D70 /* Article to Kindle.app */ = {isa = PBXFileReference; explicitFileType = wrapper.application; includeInIndex = 0; path = "Article to Kindle.app"; sourceTree = BUILT_PRODUCTS_DIR; };
		5CD17343303C316D00982D70 /* AppDelegate.swift */ = {isa = PBXFileReference; lastKnownFileType = sourcecode.swift; path = AppDelegate.swift; sourceTree = "<group>"; };
		5CD17346303C316D00982D70 /* Base */ = {isa = PBXFileReference; lastKnownFileType = file.storyboard; name = Base; path = Base.lproj/Main.storyboard; sourceTree = "<group>"; };
		5CD17348303C316D00982D70 /* Info.plist */ = {isa = PBXFileReference; lastKnownFileType = text.plist.xml; path = Info.plist; sourceTree = "<group>"; };
		5CD1734D303C316D00982D70 /* Article to Kindle Extension.appex */ = {isa = PBXFileReference; explicitFileType = "wrapper.app-extension"; includeInIndex = 0; path = "Article to Kindle Extension.appex"; sourceTree = BUILT_PRODUCTS_DIR; };
		5CD17352303C316D00982D70 /* Info.plist */ = {isa = PBXFileReference; lastKnownFileType = text.plist.xml; path = Info.plist; sourceTree = "<group>"; };
		5CD17357303C316D00982D70 /* Article to Kindle Extension.appex */ = {isa = PBXFileReference; explicitFileType = "wrapper.app-extension"; includeInIndex = 0; path = "Article to Kindle Extension.appex"; sourceTree = BUILT_PRODUCTS_DIR; };
		5CD1735C303C316D00982D70 /* Info.plist */ = {isa = PBXFileReference; lastKnownFileType = text.plist.xml; path = Info.plist; sourceTree = "<group>"; };
		5CD1737C303C316D00982D70 /* popup */ = {isa = PBXFileReference; lastKnownFileType = folder; name = popup; path = Resources/popup; sourceTree = "<group>"; };
		5CD1737D303C316D00982D70 /* dist */ = {isa = PBXFileReference; lastKnownFileType = folder; name = dist; path = Resources/dist; sourceTree = "<group>"; };
		5CD1737E303C316D00982D70 /* about */ = {isa = PBXFileReference; lastKnownFileType = folder; name = about; path = Resources/about; sourceTree = "<group>"; };
		5CD1737F303C316D00982D70 /* welcome */ = {isa = PBXFileReference; lastKnownFileType = folder; name = welcome; path = Resources/welcome; sourceTree = "<group>"; };
		5CD17380303C316D00982D70 /* icons */ = {isa = PBXFileReference; lastKnownFileType = folder; name = icons; path = Resources/icons; sourceTree = "<group>"; };
		5CD17381303C316D00982D70 /* manifest.json */ = {isa = PBXFileReference; lastKnownFileType = text.json; name = manifest.json; path = Resources/manifest.json; sourceTree = "<group>"; };
		5CD17382303C316D00982D70 /* _locales */ = {isa = PBXFileReference; lastKnownFileType = folder; name = _locales; path = Resources/_locales; sourceTree = "<group>"; };
		5CD17383303C316D00982D70 /* src */ = {isa = PBXFileReference; lastKnownFileType = folder; name = src; path = Resources/src; sourceTree = "<group>"; };
/* End PBXFileReference section */

/* Begin PBXFrameworksBuildPhase section */
		5CD1732C303C316D00982D70 /* Frameworks */ = {
			isa = PBXFrameworksBuildPhase;
			buildActionMask = 2147483647;
			files = (
			);
			runOnlyForDeploymentPostprocessing = 0;
		};
		5CD1733E303C316D00982D70 /* Frameworks */ = {
			isa = PBXFrameworksBuildPhase;
			buildActionMask = 2147483647;
			files = (
			);
			runOnlyForDeploymentPostprocessing = 0;
		};
		5CD1734A303C316D00982D70 /* Frameworks */ = {
			isa = PBXFrameworksBuildPhase;
			buildActionMask = 2147483647;
			files = (
			);
			runOnlyForDeploymentPostprocessing = 0;
		};
		5CD17354303C316D00982D70 /* Frameworks */ = {
			isa = PBXFrameworksBuildPhase;
			buildActionMask = 2147483647;
			files = (
			);
			runOnlyForDeploymentPostprocessing = 0;
		};
/* End PBXFrameworksBuildPhase section */

/* Begin PBXGroup section */
		5CD1731B303C316C00982D70 = {
			isa = PBXGroup;
			children = (
				5CD17320303C316C00982D70 /* Shared (App) */,
				5CD17329303C316D00982D70 /* Shared (Extension) */,
				5CD17331303C316D00982D70 /* iOS (App) */,
				5CD17342303C316D00982D70 /* macOS (App) */,
				5CD17351303C316D00982D70 /* iOS (Extension) */,
				5CD1735B303C316D00982D70 /* macOS (Extension) */,
				5CD17330303C316D00982D70 /* Products */,
			);
			sourceTree = "<group>";
		};
		5CD17320303C316C00982D70 /* Shared (App) */ = {
			isa = PBXGroup;
			children = (
				5CD17327303C316C00982D70 /* ViewController.swift */,
				5CD17328303C316D00982D70 /* Assets.xcassets */,
				5CD17321303C316C00982D70 /* Resources */,
			);
			path = "Shared (App)";
			sourceTree = "<group>";
		};
		5CD17321303C316C00982D70 /* Resources */ = {
			isa = PBXGroup;
			children = (
				5CD17322303C316C00982D70 /* Main.html */,
				5CD17324303C316C00982D70 /* Icon.png */,
				5CD17325303C316C00982D70 /* Style.css */,
				5CD17326303C316C00982D70 /* Script.js */,
			);
			path = Resources;
			sourceTree = "<group>";
		};
		5CD17329303C316D00982D70 /* Shared (Extension) */ = {
			isa = PBXGroup;
			children = (
				5CD1737B303C316D00982D70 /* Resources */,
				5CD1732A303C316D00982D70 /* SafariWebExtensionHandler.swift */,
			);
			path = "Shared (Extension)";
			sourceTree = "<group>";
		};
		5CD17330303C316D00982D70 /* Products */ = {
			isa = PBXGroup;
			children = (
				5CD1732F303C316D00982D70 /* Article to Kindle.app */,
				5CD17341303C316D00982D70 /* Article to Kindle.app */,
				5CD1734D303C316D00982D70 /* Article to Kindle Extension.appex */,
				5CD17357303C316D00982D70 /* Article to Kindle Extension.appex */,
			);
			name = Products;
			sourceTree = "<group>";
		};
		5CD17331303C316D00982D70 /* iOS (App) */ = {
			isa = PBXGroup;
			children = (
				5CD17332303C316D00982D70 /* AppDelegate.swift */,
				5CD17334303C316D00982D70 /* SceneDelegate.swift */,
				5CD17336303C316D00982D70 /* LaunchScreen.storyboard */,
				5CD17339303C316D00982D70 /* Main.storyboard */,
				5CD1733C303C316D00982D70 /* Info.plist */,
			);
			path = "iOS (App)";
			sourceTree = "<group>";
		};
		5CD17342303C316D00982D70 /* macOS (App) */ = {
			isa = PBXGroup;
			children = (
				5CD17343303C316D00982D70 /* AppDelegate.swift */,
				5CD17345303C316D00982D70 /* Main.storyboard */,
				5CD17348303C316D00982D70 /* Info.plist */,
			);
			path = "macOS (App)";
			sourceTree = "<group>";
		};
		5CD17351303C316D00982D70 /* iOS (Extension) */ = {
			isa = PBXGroup;
			children = (
				5CD17352303C316D00982D70 /* Info.plist */,
			);
			path = "iOS (Extension)";
			sourceTree = "<group>";
		};
		5CD1735B303C316D00982D70 /* macOS (Extension) */ = {
			isa = PBXGroup;
			children = (
				5CD1735C303C316D00982D70 /* Info.plist */,
			);
			path = "macOS (Extension)";
			sourceTree = "<group>";
		};
		5CD1737B303C316D00982D70 /* Resources */ = {
			isa = PBXGroup;
			children = (
				5CD1737C303C316D00982D70 /* popup */,
				5CD1737D303C316D00982D70 /* dist */,
				5CD1737E303C316D00982D70 /* about */,
				5CD1737F303C316D00982D70 /* welcome */,
				5CD17380303C316D00982D70 /* icons */,
				5CD17381303C316D00982D70 /* manifest.json */,
				5CD17382303C316D00982D70 /* _locales */,
				5CD17383303C316D00982D70 /* src */,
			);
			name = Resources;
			path = "Shared (Extension)";
			sourceTree = SOURCE_ROOT;
		};
/* End PBXGroup section */

/* Begin PBXNativeTarget section */
		5CD1732E303C316D00982D70 /* Article to Kindle (iOS) */ = {
			isa = PBXNativeTarget;
			buildConfigurationList = 5CD17371303C316D00982D70 /* Build configuration list for PBXNativeTarget "Article to Kindle (iOS)" */;
			buildPhases = (
				5CD1732B303C316D00982D70 /* Sources */,
				5CD1732C303C316D00982D70 /* Frameworks */,
				5CD1732D303C316D00982D70 /* Resources */,
				5CD17370303C316D00982D70 /* Embed Foundation Extensions */,
			);
			buildRules = (
			);
			dependencies = (
				5CD17350303C316D00982D70 /* PBXTargetDependency */,
			);
			name = "Article to Kindle (iOS)";
			packageProductDependencies = (
			);
			productName = "Article to Kindle (iOS)";
			productReference = 5CD1732F303C316D00982D70 /* Article to Kindle.app */;
			productType = "com.apple.product-type.application";
		};
		5CD17340303C316D00982D70 /* Article to Kindle (macOS) */ = {
			isa = PBXNativeTarget;
			buildConfigurationList = 5CD17378303C316D00982D70 /* Build configuration list for PBXNativeTarget "Article to Kindle (macOS)" */;
			buildPhases = (
				5CD1733D303C316D00982D70 /* Sources */,
				5CD1733E303C316D00982D70 /* Frameworks */,
				5CD1733F303C316D00982D70 /* Resources */,
				5CD17377303C316D00982D70 /* Embed Foundation Extensions */,
			);
			buildRules = (
			);
			dependencies = (
				5CD1735A303C316D00982D70 /* PBXTargetDependency */,
			);
			name = "Article to Kindle (macOS)";
			packageProductDependencies = (
			);
			productName = "Article to Kindle (macOS)";
			productReference = 5CD17341303C316D00982D70 /* Article to Kindle.app */;
			productType = "com.apple.product-type.application";
		};
		5CD1734C303C316D00982D70 /* Article to Kindle Extension (iOS) */ = {
			isa = PBXNativeTarget;
			buildConfigurationList = 5CD1736D303C316D00982D70 /* Build configuration list for PBXNativeTarget "Article to Kindle Extension (iOS)" */;
			buildPhases = (
				5CD17349303C316D00982D70 /* Sources */,
				5CD1734A303C316D00982D70 /* Frameworks */,
				5CD1734B303C316D00982D70 /* Resources */,
			);
			buildRules = (
			);
			dependencies = (
			);
			name = "Article to Kindle Extension (iOS)";
			packageProductDependencies = (
			);
			productName = "Article to Kindle Extension (iOS)";
			productReference = 5CD1734D303C316D00982D70 /* Article to Kindle Extension.appex */;
			productType = "com.apple.product-type.app-extension";
		};
		5CD17356303C316D00982D70 /* Article to Kindle Extension (macOS) */ = {
			isa = PBXNativeTarget;
			buildConfigurationList = 5CD17374303C316D00982D70 /* Build configuration list for PBXNativeTarget "Article to Kindle Extension (macOS)" */;
			buildPhases = (
				5CD17353303C316D00982D70 /* Sources */,
				5CD17354303C316D00982D70 /* Frameworks */,
				5CD17355303C316D00982D70 /* Resources */,
			);
			buildRules = (
			);
			dependencies = (
			);
			name = "Article to Kindle Extension (macOS)";
			packageProductDependencies = (
			);
			productName = "Article to Kindle Extension (macOS)";
			productReference = 5CD17357303C316D00982D70 /* Article to Kindle Extension.appex */;
			productType = "com.apple.product-type.app-extension";
		};
/* End PBXNativeTarget section */

/* Begin PBXProject section */
		5CD1731C303C316C00982D70 /* Project object */ = {
			isa = PBXProject;
			attributes = {
				BuildIndependentTargetsInParallel = 1;
				LastSwiftUpdateCheck = 2660;
				LastUpgradeCheck = 2660;
				TargetAttributes = {
					5CD1732E303C316D00982D70 = {
						CreatedOnToolsVersion = 26.6;
					};
					5CD17340303C316D00982D70 = {
						CreatedOnToolsVersion = 26.6;
					};
					5CD1734C303C316D00982D70 = {
						CreatedOnToolsVersion = 26.6;
					};
					5CD17356303C316D00982D70 = {
						CreatedOnToolsVersion = 26.6;
					};
				};
			};
			buildConfigurationList = 5CD1731F303C316C00982D70 /* Build configuration list for PBXProject "Article to Kindle" */;
			developmentRegion = en;
			hasScannedForEncodings = 0;
			knownRegions = (
				en,
				Base,
			);
			mainGroup = 5CD1731B303C316C00982D70;
			minimizedProjectReferenceProxies = 1;
			preferredProjectObjectVersion = 77;
			productRefGroup = 5CD17330303C316D00982D70 /* Products */;
			projectDirPath = "";
			projectRoot = "";
			targets = (
				5CD1732E303C316D00982D70 /* Article to Kindle (iOS) */,
				5CD17340303C316D00982D70 /* Article to Kindle (macOS) */,
				5CD1734C303C316D00982D70 /* Article to Kindle Extension (iOS) */,
				5CD17356303C316D00982D70 /* Article to Kindle Extension (macOS) */,
			);
		};
/* End PBXProject section */

/* Begin PBXResourcesBuildPhase section */
		5CD1732D303C316D00982D70 /* Resources */ = {
			isa = PBXResourcesBuildPhase;
			buildActionMask = 2147483647;
			files = (
				5CD1735F303C316D00982D70 /* Icon.png in Resources */,
				5CD17338303C316D00982D70 /* LaunchScreen.storyboard in Resources */,
				5CD1735D303C316D00982D70 /* Main.html in Resources */,
				5CD17363303C316D00982D70 /* Script.js in Resources */,
				5CD17367303C316D00982D70 /* Assets.xcassets in Resources */,
				5CD1733B303C316D00982D70 /* Main.storyboard in Resources */,
				5CD17361303C316D00982D70 /* Style.css in Resources */,
			);
			runOnlyForDeploymentPostprocessing = 0;
		};
		5CD1733F303C316D00982D70 /* Resources */ = {
			isa = PBXResourcesBuildPhase;
			buildActionMask = 2147483647;
			files = (
				5CD17360303C316D00982D70 /* Icon.png in Resources */,
				5CD17362303C316D00982D70 /* Style.css in Resources */,
				5CD17347303C316D00982D70 /* Main.storyboard in Resources */,
				5CD17364303C316D00982D70 /* Script.js in Resources */,
				5CD17368303C316D00982D70 /* Assets.xcassets in Resources */,
				5CD1735E303C316D00982D70 /* Main.html in Resources */,
			);
			runOnlyForDeploymentPostprocessing = 0;
		};
		5CD1734B303C316D00982D70 /* Resources */ = {
			isa = PBXResourcesBuildPhase;
			buildActionMask = 2147483647;
			files = (
				5CD1738E303C316E00982D70 /* about in Resources */,
				5CD1738D303C316E00982D70 /* dist in Resources */,
				5CD1738C303C316D00982D70 /* popup in Resources */,
				5CD17393303C316E00982D70 /* src in Resources */,
				5CD17390303C316E00982D70 /* icons in Resources */,
				5CD17391303C316E00982D70 /* manifest.json in Resources */,
				5CD17392303C316E00982D70 /* _locales in Resources */,
				5CD1738F303C316E00982D70 /* welcome in Resources */,
			);
			runOnlyForDeploymentPostprocessing = 0;
		};
		5CD17355303C316D00982D70 /* Resources */ = {
			isa = PBXResourcesBuildPhase;
			buildActionMask = 2147483647;
			files = (
				5CD17386303C316D00982D70 /* about in Resources */,
				5CD17385303C316D00982D70 /* dist in Resources */,
				5CD17384303C316D00982D70 /* popup in Resources */,
				5CD1738B303C316D00982D70 /* src in Resources */,
				5CD17388303C316D00982D70 /* icons in Resources */,
				5CD17389303C316D00982D70 /* manifest.json in Resources */,
				5CD1738A303C316D00982D70 /* _locales in Resources */,
				5CD17387303C316D00982D70 /* welcome in Resources */,
			);
			runOnlyForDeploymentPostprocessing = 0;
		};
/* End PBXResourcesBuildPhase section */

/* Begin PBXSourcesBuildPhase section */
		5CD1732B303C316D00982D70 /* Sources */ = {
			isa = PBXSourcesBuildPhase;
			buildActionMask = 2147483647;
			files = (
				5CD17365303C316D00982D70 /* ViewController.swift in Sources */,
				5CD17333303C316D00982D70 /* AppDelegate.swift in Sources */,
				5CD17335303C316D00982D70 /* SceneDelegate.swift in Sources */,
			);
			runOnlyForDeploymentPostprocessing = 0;
		};
		5CD1733D303C316D00982D70 /* Sources */ = {
			isa = PBXSourcesBuildPhase;
			buildActionMask = 2147483647;
			files = (
				5CD17366303C316D00982D70 /* ViewController.swift in Sources */,
				5CD17344303C316D00982D70 /* AppDelegate.swift in Sources */,
			);
			runOnlyForDeploymentPostprocessing = 0;
		};
		5CD17349303C316D00982D70 /* Sources */ = {
			isa = PBXSourcesBuildPhase;
			buildActionMask = 2147483647;
			files = (
				5CD17369303C316D00982D70 /* SafariWebExtensionHandler.swift in Sources */,
			);
			runOnlyForDeploymentPostprocessing = 0;
		};
		5CD17353303C316D00982D70 /* Sources */ = {
			isa = PBXSourcesBuildPhase;
			buildActionMask = 2147483647;
			files = (
				5CD1736A303C316D00982D70 /* SafariWebExtensionHandler.swift in Sources */,
			);
			runOnlyForDeploymentPostprocessing = 0;
		};
/* End PBXSourcesBuildPhase section */

/* Begin PBXTargetDependency section */
		5CD17350303C316D00982D70 /* PBXTargetDependency */ = {
			isa = PBXTargetDependency;
			target = 5CD1734C303C316D00982D70 /* Article to Kindle Extension (iOS) */;
			targetProxy = 5CD1734F303C316D00982D70 /* PBXContainerItemProxy */;
		};
		5CD1735A303C316D00982D70 /* PBXTargetDependency */ = {
			isa = PBXTargetDependency;
			target = 5CD17356303C316D00982D70 /* Article to Kindle Extension (macOS) */;
			targetProxy = 5CD17359303C316D00982D70 /* PBXContainerItemProxy */;
		};
/* End PBXTargetDependency section */

/* Begin PBXVariantGroup section */
		5CD17322303C316C00982D70 /* Main.html */ = {
			isa = PBXVariantGroup;
			children = (
				5CD17323303C316C00982D70 /* Base */,
			);
			name = Main.html;
			sourceTree = "<group>";
		};
		5CD17336303C316D00982D70 /* LaunchScreen.storyboard */ = {
			isa = PBXVariantGroup;
			children = (
				5CD17337303C316D00982D70 /* Base */,
			);
			name = LaunchScreen.storyboard;
			sourceTree = "<group>";
		};
		5CD17339303C316D00982D70 /* Main.storyboard */ = {
			isa = PBXVariantGroup;
			children = (
				5CD1733A303C316D00982D70 /* Base */,
			);
			name = Main.storyboard;
			sourceTree = "<group>";
		};
		5CD17345303C316D00982D70 /* Main.storyboard */ = {
			isa = PBXVariantGroup;
			children = (
				5CD17346303C316D00982D70 /* Base */,
			);
			name = Main.storyboard;
			sourceTree = "<group>";
		};
/* End PBXVariantGroup section */

/* Begin XCBuildConfiguration section */
		5CD1736B303C316D00982D70 /* Debug */ = {
			isa = XCBuildConfiguration;
			buildSettings = {
				ALWAYS_SEARCH_USER_PATHS = NO;
				ASSETCATALOG_COMPILER_GENERATE_SWIFT_ASSET_SYMBOL_EXTENSIONS = YES;
				CLANG_ANALYZER_NONNULL = YES;
				CLANG_ANALYZER_NUMBER_OBJECT_CONVERSION = YES_AGGRESSIVE;
				CLANG_CXX_LANGUAGE_STANDARD = "gnu++20";
				CLANG_ENABLE_MODULES = YES;
				CLANG_ENABLE_OBJC_ARC = YES;
				CLANG_ENABLE_OBJC_WEAK = YES;
				CLANG_WARN_BLOCK_CAPTURE_AUTORELEASING = YES;
				CLANG_WARN_BOOL_CONVERSION = YES;
				CLANG_WARN_COMMA = YES;
				CLANG_WARN_CONSTANT_CONVERSION = YES;
				CLANG_WARN_DEPRECATED_OBJC_IMPLEMENTATIONS = YES;
				CLANG_WARN_DIRECT_OBJC_ISA_USAGE = YES_ERROR;
				CLANG_WARN_DOCUMENTATION_COMMENTS = YES;
				CLANG_WARN_EMPTY_BODY = YES;
				CLANG_WARN_ENUM_CONVERSION = YES;
				CLANG_WARN_INFINITE_RECURSION = YES;
				CLANG_WARN_INT_CONVERSION = YES;
				CLANG_WARN_NON_LITERAL_NULL_CONVERSION = YES;
				CLANG_WARN_OBJC_IMPLICIT_RETAIN_SELF = YES;
				CLANG_WARN_OBJC_LITERAL_CONVERSION = YES;
				CLANG_WARN_OBJC_ROOT_CLASS = YES_ERROR;
				CLANG_WARN_QUOTED_INCLUDE_IN_FRAMEWORK_HEADER = YES;
				CLANG_WARN_RANGE_LOOP_ANALYSIS = YES;
				CLANG_WARN_STRICT_PROTOTYPES = YES;
				CLANG_WARN_SUSPICIOUS_MOVE = YES;
				CLANG_WARN_UNGUARDED_AVAILABILITY = YES_AGGRESSIVE;
				CLANG_WARN_UNREACHABLE_CODE = YES;
				CLANG_WARN__DUPLICATE_METHOD_MATCH = YES;
				COPY_PHASE_STRIP = NO;
				DEBUG_INFORMATION_FORMAT = dwarf;
				ENABLE_STRICT_OBJC_MSGSEND = YES;
				ENABLE_TESTABILITY = YES;
				ENABLE_USER_SCRIPT_SANDBOXING = YES;
				GCC_C_LANGUAGE_STANDARD = gnu17;
				GCC_DYNAMIC_NO_PIC = NO;
				GCC_NO_COMMON_BLOCKS = YES;
				GCC_OPTIMIZATION_LEVEL = 0;
				GCC_PREPROCESSOR_DEFINITIONS = (
					"DEBUG=1",
					"$(inherited)",
				);
				GCC_WARN_64_TO_32_BIT_CONVERSION = YES;
				GCC_WARN_ABOUT_RETURN_TYPE = YES_ERROR;
				GCC_WARN_UNDECLARED_SELECTOR = YES;
				GCC_WARN_UNINITIALIZED_AUTOS = YES_AGGRESSIVE;
				GCC_WARN_UNUSED_FUNCTION = YES;
				GCC_WARN_UNUSED_VARIABLE = YES;
				LOCALIZATION_PREFERS_STRING_CATALOGS = YES;
				MTL_ENABLE_DEBUG_INFO = INCLUDE_SOURCE;
				MTL_FAST_MATH = YES;
				ONLY_ACTIVE_ARCH = YES;
				SWIFT_ACTIVE_COMPILATION_CONDITIONS = "DEBUG $(inherited)";
				SWIFT_OPTIMIZATION_LEVEL = "-Onone";
			};
			name = Debug;
		};
		5CD1736C303C316D00982D70 /* Release */ = {
			isa = XCBuildConfiguration;
			buildSettings = {
				ALWAYS_SEARCH_USER_PATHS = NO;
				ASSETCATALOG_COMPILER_GENERATE_SWIFT_ASSET_SYMBOL_EXTENSIONS = YES;
				CLANG_ANALYZER_NONNULL = YES;
				CLANG_ANALYZER_NUMBER_OBJECT_CONVERSION = YES_AGGRESSIVE;
				CLANG_CXX_LANGUAGE_STANDARD = "gnu++20";
				CLANG_ENABLE_MODULES = YES;
				CLANG_ENABLE_OBJC_ARC = YES;
				CLANG_ENABLE_OBJC_WEAK = YES;
				CLANG_WARN_BLOCK_CAPTURE_AUTORELEASING = YES;
				CLANG_WARN_BOOL_CONVERSION = YES;
				CLANG_WARN_COMMA = YES;
				CLANG_WARN_CONSTANT_CONVERSION = YES;
				CLANG_WARN_DEPRECATED_OBJC_IMPLEMENTATIONS = YES;
				CLANG_WARN_DIRECT_OBJC_ISA_USAGE = YES_ERROR;
				CLANG_WARN_DOCUMENTATION_COMMENTS = YES;
				CLANG_WARN_EMPTY_BODY = YES;
				CLANG_WARN_ENUM_CONVERSION = YES;
				CLANG_WARN_INFINITE_RECURSION = YES;
				CLANG_WARN_INT_CONVERSION = YES;
				CLANG_WARN_NON_LITERAL_NULL_CONVERSION = YES;
				CLANG_WARN_OBJC_IMPLICIT_RETAIN_SELF = YES;
				CLANG_WARN_OBJC_LITERAL_CONVERSION = YES;
				CLANG_WARN_OBJC_ROOT_CLASS = YES_ERROR;
				CLANG_WARN_QUOTED_INCLUDE_IN_FRAMEWORK_HEADER = YES;
				CLANG_WARN_RANGE_LOOP_ANALYSIS = YES;
				CLANG_WARN_STRICT_PROTOTYPES = YES;
				CLANG_WARN_SUSPICIOUS_MOVE = YES;
				CLANG_WARN_UNGUARDED_AVAILABILITY = YES_AGGRESSIVE;
				CLANG_WARN_UNREACHABLE_CODE = YES;
				CLANG_WARN__DUPLICATE_METHOD_MATCH = YES;
				COPY_PHASE_STRIP = NO;
				DEBUG_INFORMATION_FORMAT = "dwarf-with-dsym";
				ENABLE_NS_ASSERTIONS = NO;
				ENABLE_STRICT_OBJC_MSGSEND = YES;
				ENABLE_USER_SCRIPT_SANDBOXING = YES;
				GCC_C_LANGUAGE_STANDARD = gnu17;
				GCC_NO_COMMON_BLOCKS = YES;
				GCC_WARN_64_TO_32_BIT_CONVERSION = YES;
				GCC_WARN_ABOUT_RETURN_TYPE = YES_ERROR;
				GCC_WARN_UNDECLARED_SELECTOR = YES;
				GCC_WARN_UNINITIALIZED_AUTOS = YES_AGGRESSIVE;
				GCC_WARN_UNUSED_FUNCTION = YES;
				GCC_WARN_UNUSED_VARIABLE = YES;
				LOCALIZATION_PREFERS_STRING_CATALOGS = YES;
				MTL_ENABLE_DEBUG_INFO = NO;
				MTL_FAST_MATH = YES;
				SWIFT_COMPILATION_MODE = wholemodule;
			};
			name = Release;
		};
		5CD1736E303C316D00982D70 /* Debug */ = {
			isa = XCBuildConfiguration;
			buildSettings = {
				CODE_SIGN_STYLE = Automatic;
				CURRENT_PROJECT_VERSION = 1;
				GENERATE_INFOPLIST_FILE = YES;
				INFOPLIST_FILE = "iOS (Extension)/Info.plist";
				INFOPLIST_KEY_CFBundleDisplayName = "Article to Kindle Extension";
				INFOPLIST_KEY_NSHumanReadableCopyright = "";
				IPHONEOS_DEPLOYMENT_TARGET = 15.0;
				LD_RUNPATH_SEARCH_PATHS = (
					"$(inherited)",
					"@executable_path/Frameworks",
					"@executable_path/../../Frameworks",
				);
				MARKETING_VERSION = 1.0;
				OTHER_LDFLAGS = (
					"-framework",
					SafariServices,
				);
				PRODUCT_BUNDLE_IDENTIFIER = app.articletokindle.Extension;
				PRODUCT_NAME = "Article to Kindle Extension";
				SDKROOT = iphoneos;
				SKIP_INSTALL = YES;
				STRING_CATALOG_GENERATE_SYMBOLS = YES;
				SWIFT_APPROACHABLE_CONCURRENCY = YES;
				SWIFT_EMIT_LOC_STRINGS = YES;
				SWIFT_UPCOMING_FEATURE_MEMBER_IMPORT_VISIBILITY = YES;
				SWIFT_VERSION = 5.0;
				TARGETED_DEVICE_FAMILY = "1,2";
			};
			name = Debug;
		};
		5CD1736F303C316D00982D70 /* Release */ = {
			isa = XCBuildConfiguration;
			buildSettings = {
				CODE_SIGN_STYLE = Automatic;
				CURRENT_PROJECT_VERSION = 1;
				GENERATE_INFOPLIST_FILE = YES;
				INFOPLIST_FILE = "iOS (Extension)/Info.plist";
				INFOPLIST_KEY_CFBundleDisplayName = "Article to Kindle Extension";
				INFOPLIST_KEY_NSHumanReadableCopyright = "";
				IPHONEOS_DEPLOYMENT_TARGET = 15.0;
				LD_RUNPATH_SEARCH_PATHS = (
					"$(inherited)",
					"@executable_path/Frameworks",
					"@executable_path/../../Frameworks",
				);
				MARKETING_VERSION = 1.0;
				OTHER_LDFLAGS = (
					"-framework",
					SafariServices,
				);
				PRODUCT_BUNDLE_IDENTIFIER = app.articletokindle.Extension;
				PRODUCT_NAME = "Article to Kindle Extension";
				SDKROOT = iphoneos;
				SKIP_INSTALL = YES;
				STRING_CATALOG_GENERATE_SYMBOLS = YES;
				SWIFT_APPROACHABLE_CONCURRENCY = YES;
				SWIFT_EMIT_LOC_STRINGS = YES;
				SWIFT_UPCOMING_FEATURE_MEMBER_IMPORT_VISIBILITY = YES;
				SWIFT_VERSION = 5.0;
				TARGETED_DEVICE_FAMILY = "1,2";
				VALIDATE_PRODUCT = YES;
			};
			name = Release;
		};
		5CD17372303C316D00982D70 /* Debug */ = {
			isa = XCBuildConfiguration;
			buildSettings = {
				ASSETCATALOG_COMPILER_APPICON_NAME = AppIcon;
				ASSETCATALOG_COMPILER_GLOBAL_ACCENT_COLOR_NAME = AccentColor;
				CODE_SIGN_STYLE = Automatic;
				CURRENT_PROJECT_VERSION = 1;
				GENERATE_INFOPLIST_FILE = YES;
				INFOPLIST_FILE = "iOS (App)/Info.plist";
				INFOPLIST_KEY_CFBundleDisplayName = "Article to Kindle";
				INFOPLIST_KEY_UIApplicationSupportsIndirectInputEvents = YES;
				INFOPLIST_KEY_UILaunchStoryboardName = LaunchScreen;
				INFOPLIST_KEY_UIMainStoryboardFile = Main;
				INFOPLIST_KEY_UISupportedInterfaceOrientations = "UIInterfaceOrientationPortrait UIInterfaceOrientationLandscapeLeft UIInterfaceOrientationLandscapeRight";
				INFOPLIST_KEY_UISupportedInterfaceOrientations_iPad = "UIInterfaceOrientationPortrait UIInterfaceOrientationPortraitUpsideDown UIInterfaceOrientationLandscapeLeft UIInterfaceOrientationLandscapeRight";
				IPHONEOS_DEPLOYMENT_TARGET = 15.0;
				LD_RUNPATH_SEARCH_PATHS = (
					"$(inherited)",
					"@executable_path/Frameworks",
				);
				MARKETING_VERSION = 1.0;
				OTHER_LDFLAGS = (
					"-framework",
					SafariServices,
					"-framework",
					WebKit,
				);
				PRODUCT_BUNDLE_IDENTIFIER = app.articletokindle;
				PRODUCT_NAME = "Article to Kindle";
				SDKROOT = iphoneos;
				STRING_CATALOG_GENERATE_SYMBOLS = YES;
				SWIFT_APPROACHABLE_CONCURRENCY = YES;
				SWIFT_DEFAULT_ACTOR_ISOLATION = MainActor;
				SWIFT_EMIT_LOC_STRINGS = YES;
				SWIFT_UPCOMING_FEATURE_MEMBER_IMPORT_VISIBILITY = YES;
				SWIFT_VERSION = 5.0;
				TARGETED_DEVICE_FAMILY = "1,2";
			};
			name = Debug;
		};
		5CD17373303C316D00982D70 /* Release */ = {
			isa = XCBuildConfiguration;
			buildSettings = {
				ASSETCATALOG_COMPILER_APPICON_NAME = AppIcon;
				ASSETCATALOG_COMPILER_GLOBAL_ACCENT_COLOR_NAME = AccentColor;
				CODE_SIGN_STYLE = Automatic;
				CURRENT_PROJECT_VERSION = 1;
				GENERATE_INFOPLIST_FILE = YES;
				INFOPLIST_FILE = "iOS (App)/Info.plist";
				INFOPLIST_KEY_CFBundleDisplayName = "Article to Kindle";
				INFOPLIST_KEY_UIApplicationSupportsIndirectInputEvents = YES;
				INFOPLIST_KEY_UILaunchStoryboardName = LaunchScreen;
				INFOPLIST_KEY_UIMainStoryboardFile = Main;
				INFOPLIST_KEY_UISupportedInterfaceOrientations = "UIInterfaceOrientationPortrait UIInterfaceOrientationLandscapeLeft UIInterfaceOrientationLandscapeRight";
				INFOPLIST_KEY_UISupportedInterfaceOrientations_iPad = "UIInterfaceOrientationPortrait UIInterfaceOrientationPortraitUpsideDown UIInterfaceOrientationLandscapeLeft UIInterfaceOrientationLandscapeRight";
				IPHONEOS_DEPLOYMENT_TARGET = 15.0;
				LD_RUNPATH_SEARCH_PATHS = (
					"$(inherited)",
					"@executable_path/Frameworks",
				);
				MARKETING_VERSION = 1.0;
				OTHER_LDFLAGS = (
					"-framework",
					SafariServices,
					"-framework",
					WebKit,
				);
				PRODUCT_BUNDLE_IDENTIFIER = app.articletokindle;
				PRODUCT_NAME = "Article to Kindle";
				SDKROOT = iphoneos;
				STRING_CATALOG_GENERATE_SYMBOLS = YES;
				SWIFT_APPROACHABLE_CONCURRENCY = YES;
				SWIFT_DEFAULT_ACTOR_ISOLATION = MainActor;
				SWIFT_EMIT_LOC_STRINGS = YES;
				SWIFT_UPCOMING_FEATURE_MEMBER_IMPORT_VISIBILITY = YES;
				SWIFT_VERSION = 5.0;
				TARGETED_DEVICE_FAMILY = "1,2";
				VALIDATE_PRODUCT = YES;
			};
			name = Release;
		};
		5CD17375303C316D00982D70 /* Debug */ = {
			isa = XCBuildConfiguration;
			buildSettings = {
				CODE_SIGN_STYLE = Automatic;
				CURRENT_PROJECT_VERSION = 1;
				ENABLE_APP_SANDBOX = YES;
				ENABLE_HARDENED_RUNTIME = YES;
				ENABLE_USER_SELECTED_FILES = readonly;
				GENERATE_INFOPLIST_FILE = YES;
				INFOPLIST_FILE = "macOS (Extension)/Info.plist";
				INFOPLIST_KEY_CFBundleDisplayName = "Article to Kindle Extension";
				INFOPLIST_KEY_NSHumanReadableCopyright = "";
				LD_RUNPATH_SEARCH_PATHS = (
					"$(inherited)",
					"@executable_path/../Frameworks",
					"@executable_path/../../../../Frameworks",
				);
				MACOSX_DEPLOYMENT_TARGET = 10.14;
				MARKETING_VERSION = 1.0;
				OTHER_LDFLAGS = (
					"-framework",
					SafariServices,
				);
				PRODUCT_BUNDLE_IDENTIFIER = app.articletokindle.Extension;
				PRODUCT_NAME = "Article to Kindle Extension";
				SDKROOT = macosx;
				SKIP_INSTALL = YES;
				STRING_CATALOG_GENERATE_SYMBOLS = YES;
				SWIFT_APPROACHABLE_CONCURRENCY = YES;
				SWIFT_EMIT_LOC_STRINGS = YES;
				SWIFT_UPCOMING_FEATURE_MEMBER_IMPORT_VISIBILITY = YES;
				SWIFT_VERSION = 5.0;
			};
			name = Debug;
		};
		5CD17376303C316D00982D70 /* Release */ = {
			isa = XCBuildConfiguration;
			buildSettings = {
				CODE_SIGN_STYLE = Automatic;
				CURRENT_PROJECT_VERSION = 1;
				ENABLE_APP_SANDBOX = YES;
				ENABLE_HARDENED_RUNTIME = YES;
				ENABLE_USER_SELECTED_FILES = readonly;
				GENERATE_INFOPLIST_FILE = YES;
				INFOPLIST_FILE = "macOS (Extension)/Info.plist";
				INFOPLIST_KEY_CFBundleDisplayName = "Article to Kindle Extension";
				INFOPLIST_KEY_NSHumanReadableCopyright = "";
				LD_RUNPATH_SEARCH_PATHS = (
					"$(inherited)",
					"@executable_path/../Frameworks",
					"@executable_path/../../../../Frameworks",
				);
				MACOSX_DEPLOYMENT_TARGET = 10.14;
				MARKETING_VERSION = 1.0;
				OTHER_LDFLAGS = (
					"-framework",
					SafariServices,
				);
				PRODUCT_BUNDLE_IDENTIFIER = app.articletokindle.Extension;
				PRODUCT_NAME = "Article to Kindle Extension";
				SDKROOT = macosx;
				SKIP_INSTALL = YES;
				STRING_CATALOG_GENERATE_SYMBOLS = YES;
				SWIFT_APPROACHABLE_CONCURRENCY = YES;
				SWIFT_EMIT_LOC_STRINGS = YES;
				SWIFT_UPCOMING_FEATURE_MEMBER_IMPORT_VISIBILITY = YES;
				SWIFT_VERSION = 5.0;
			};
			name = Release;
		};
		5CD17379303C316D00982D70 /* Debug */ = {
			isa = XCBuildConfiguration;
			buildSettings = {
				ASSETCATALOG_COMPILER_APPICON_NAME = AppIcon;
				ASSETCATALOG_COMPILER_GLOBAL_ACCENT_COLOR_NAME = AccentColor;
				CODE_SIGN_STYLE = Automatic;
				CURRENT_PROJECT_VERSION = 1;
				ENABLE_APP_SANDBOX = YES;
				ENABLE_HARDENED_RUNTIME = YES;
				ENABLE_OUTGOING_NETWORK_CONNECTIONS = YES;
				ENABLE_USER_SELECTED_FILES = readonly;
				GENERATE_INFOPLIST_FILE = YES;
				INFOPLIST_FILE = "macOS (App)/Info.plist";
				INFOPLIST_KEY_CFBundleDisplayName = "Article to Kindle";
				INFOPLIST_KEY_NSMainStoryboardFile = Main;
				INFOPLIST_KEY_NSPrincipalClass = NSApplication;
				LD_RUNPATH_SEARCH_PATHS = (
					"$(inherited)",
					"@executable_path/../Frameworks",
				);
				MACOSX_DEPLOYMENT_TARGET = 10.14;
				MARKETING_VERSION = 1.0;
				OTHER_LDFLAGS = (
					"-framework",
					SafariServices,
					"-framework",
					WebKit,
				);
				PRODUCT_BUNDLE_IDENTIFIER = app.articletokindle;
				PRODUCT_NAME = "Article to Kindle";
				REGISTER_APP_GROUPS = YES;
				SDKROOT = macosx;
				STRING_CATALOG_GENERATE_SYMBOLS = YES;
				SWIFT_APPROACHABLE_CONCURRENCY = YES;
				SWIFT_DEFAULT_ACTOR_ISOLATION = MainActor;
				SWIFT_EMIT_LOC_STRINGS = YES;
				SWIFT_UPCOMING_FEATURE_MEMBER_IMPORT_VISIBILITY = YES;
				SWIFT_VERSION = 5.0;
			};
			name = Debug;
		};
		5CD1737A303C316D00982D70 /* Release */ = {
			isa = XCBuildConfiguration;
			buildSettings = {
				ASSETCATALOG_COMPILER_APPICON_NAME = AppIcon;
				ASSETCATALOG_COMPILER_GLOBAL_ACCENT_COLOR_NAME = AccentColor;
				CODE_SIGN_STYLE = Automatic;
				CURRENT_PROJECT_VERSION = 1;
				ENABLE_APP_SANDBOX = YES;
				ENABLE_HARDENED_RUNTIME = YES;
				ENABLE_OUTGOING_NETWORK_CONNECTIONS = YES;
				ENABLE_USER_SELECTED_FILES = readonly;
				GENERATE_INFOPLIST_FILE = YES;
				INFOPLIST_FILE = "macOS (App)/Info.plist";
				INFOPLIST_KEY_CFBundleDisplayName = "Article to Kindle";
				INFOPLIST_KEY_NSMainStoryboardFile = Main;
				INFOPLIST_KEY_NSPrincipalClass = NSApplication;
				LD_RUNPATH_SEARCH_PATHS = (
					"$(inherited)",
					"@executable_path/../Frameworks",
				);
				MACOSX_DEPLOYMENT_TARGET = 10.14;
				MARKETING_VERSION = 1.0;
				OTHER_LDFLAGS = (
					"-framework",
					SafariServices,
					"-framework",
					WebKit,
				);
				PRODUCT_BUNDLE_IDENTIFIER = app.articletokindle;
				PRODUCT_NAME = "Article to Kindle";
				REGISTER_APP_GROUPS = YES;
				SDKROOT = macosx;
				STRING_CATALOG_GENERATE_SYMBOLS = YES;
				SWIFT_APPROACHABLE_CONCURRENCY = YES;
				SWIFT_DEFAULT_ACTOR_ISOLATION = MainActor;
				SWIFT_EMIT_LOC_STRINGS = YES;
				SWIFT_UPCOMING_FEATURE_MEMBER_IMPORT_VISIBILITY = YES;
				SWIFT_VERSION = 5.0;
			};
			name = Release;
		};
/* End XCBuildConfiguration section */

/* Begin XCConfigurationList section */
		5CD1731F303C316C00982D70 /* Build configuration list for PBXProject "Article to Kindle" */ = {
			isa = XCConfigurationList;
			buildConfigurations = (
				5CD1736B303C316D00982D70 /* Debug */,
				5CD1736C303C316D00982D70 /* Release */,
			);
			defaultConfigurationIsVisible = 0;
			defaultConfigurationName = Release;
		};
		5CD1736D303C316D00982D70 /* Build configuration list for PBXNativeTarget "Article to Kindle Extension (iOS)" */ = {
			isa = XCConfigurationList;
			buildConfigurations = (
				5CD1736E303C316D00982D70 /* Debug */,
				5CD1736F303C316D00982D70 /* Release */,
			);
			defaultConfigurationIsVisible = 0;
			defaultConfigurationName = Release;
		};
		5CD17371303C316D00982D70 /* Build configuration list for PBXNativeTarget "Article to Kindle (iOS)" */ = {
			isa = XCConfigurationList;
			buildConfigurations = (
				5CD17372303C316D00982D70 /* Debug */,
				5CD17373303C316D00982D70 /* Release */,
			);
			defaultConfigurationIsVisible = 0;
			defaultConfigurationName = Release;
		};
		5CD17374303C316D00982D70 /* Build configuration list for PBXNativeTarget "Article to Kindle Extension (macOS)" */ = {
			isa = XCConfigurationList;
			buildConfigurations = (
				5CD17375303C316D00982D70 /* Debug */,
				5CD17376303C316D00982D70 /* Release */,
			);
			defaultConfigurationIsVisible = 0;
			defaultConfigurationName = Release;
		};
		5CD17378303C316D00982D70 /* Build configuration list for PBXNativeTarget "Article to Kindle (macOS)" */ = {
			isa = XCConfigurationList;
			buildConfigurations = (
				5CD17379303C316D00982D70 /* Debug */,
				5CD1737A303C316D00982D70 /* Release */,
			);
			defaultConfigurationIsVisible = 0;
			defaultConfigurationName = Release;
		};
/* End XCConfigurationList section */
	};
	rootObject = 5CD1731C303C316C00982D70 /* Project object */;
}
