// !$*UTF8*$!
{
	archiveVersion = 1;
	classes = {
	};
	objectVersion = 77;
	objects = {

/* Begin PBXBuildFile section */
		5CC64AF0303C331D003D34B2 /* AppDelegate.swift in Sources */ = {isa = PBXBuildFile; fileRef = 5CC64AEF303C331D003D34B2 /* AppDelegate.swift */; };
		5CC64AF2303C331D003D34B2 /* SceneDelegate.swift in Sources */ = {isa = PBXBuildFile; fileRef = 5CC64AF1303C331D003D34B2 /* SceneDelegate.swift */; };
		5CC64AF5303C331D003D34B2 /* LaunchScreen.storyboard in Resources */ = {isa = PBXBuildFile; fileRef = 5CC64AF3303C331D003D34B2 /* LaunchScreen.storyboard */; };
		5CC64AF8303C331D003D34B2 /* Main.storyboard in Resources */ = {isa = PBXBuildFile; fileRef = 5CC64AF6303C331D003D34B2 /* Main.storyboard */; };
		5CC64B01303C331D003D34B2 /* AppDelegate.swift in Sources */ = {isa = PBXBuildFile; fileRef = 5CC64B00303C331D003D34B2 /* AppDelegate.swift */; };
		5CC64B04303C331D003D34B2 /* Main.storyboard in Resources */ = {isa = PBXBuildFile; fileRef = 5CC64B02303C331D003D34B2 /* Main.storyboard */; };
		5CC64B0B303C331D003D34B2 /* Article to Kindle Extension.appex in Embed Foundation Extensions */ = {isa = PBXBuildFile; fileRef = 5CC64B0A303C331D003D34B2 /* Article to Kindle Extension.appex */; settings = {ATTRIBUTES = (RemoveHeadersOnCopy, ); }; };
		5CC64B15303C331D003D34B2 /* Article to Kindle Extension.appex in Embed Foundation Extensions */ = {isa = PBXBuildFile; fileRef = 5CC64B14303C331D003D34B2 /* Article to Kindle Extension.appex */; settings = {ATTRIBUTES = (RemoveHeadersOnCopy, ); }; };
		5CC64B1A303C331D003D34B2 /* Main.html in Resources */ = {isa = PBXBuildFile; fileRef = 5CC64ADF303C331C003D34B2 /* Main.html */; };
		5CC64B1B303C331D003D34B2 /* Main.html in Resources */ = {isa = PBXBuildFile; fileRef = 5CC64ADF303C331C003D34B2 /* Main.html */; };
		5CC64B1C303C331D003D34B2 /* Icon.png in Resources */ = {isa = PBXBuildFile; fileRef = 5CC64AE1303C331C003D34B2 /* Icon.png */; };
		5CC64B1D303C331D003D34B2 /* Icon.png in Resources */ = {isa = PBXBuildFile; fileRef = 5CC64AE1303C331C003D34B2 /* Icon.png */; };
		5CC64B1E303C331D003D34B2 /* Style.css in Resources */ = {isa = PBXBuildFile; fileRef = 5CC64AE2303C331C003D34B2 /* Style.css */; };
		5CC64B1F303C331D003D34B2 /* Style.css in Resources */ = {isa = PBXBuildFile; fileRef = 5CC64AE2303C331C003D34B2 /* Style.css */; };
		5CC64B20303C331D003D34B2 /* Script.js in Resources */ = {isa = PBXBuildFile; fileRef = 5CC64AE3303C331C003D34B2 /* Script.js */; };
		5CC64B21303C331D003D34B2 /* Script.js in Resources */ = {isa = PBXBuildFile; fileRef = 5CC64AE3303C331C003D34B2 /* Script.js */; };
		5CC64B22303C331D003D34B2 /* ViewController.swift in Sources */ = {isa = PBXBuildFile; fileRef = 5CC64AE4303C331C003D34B2 /* ViewController.swift */; };
		5CC64B23303C331D003D34B2 /* ViewController.swift in Sources */ = {isa = PBXBuildFile; fileRef = 5CC64AE4303C331C003D34B2 /* ViewController.swift */; };
		5CC64B24303C331D003D34B2 /* Assets.xcassets in Resources */ = {isa = PBXBuildFile; fileRef = 5CC64AE5303C331D003D34B2 /* Assets.xcassets */; };
		5CC64B25303C331D003D34B2 /* Assets.xcassets in Resources */ = {isa = PBXBuildFile; fileRef = 5CC64AE5303C331D003D34B2 /* Assets.xcassets */; };
		5CC64B26303C331D003D34B2 /* SafariWebExtensionHandler.swift in Sources */ = {isa = PBXBuildFile; fileRef = 5CC64AE7303C331D003D34B2 /* SafariWebExtensionHandler.swift */; };
		5CC64B27303C331D003D34B2 /* SafariWebExtensionHandler.swift in Sources */ = {isa = PBXBuildFile; fileRef = 5CC64AE7303C331D003D34B2 /* SafariWebExtensionHandler.swift */; };
		5CC64B41303C331D003D34B2 /* popup in Resources */ = {isa = PBXBuildFile; fileRef = 5CC64B39303C331D003D34B2 /* popup */; };
		5CC64B42303C331D003D34B2 /* dist in Resources */ = {isa = PBXBuildFile; fileRef = 5CC64B3A303C331D003D34B2 /* dist */; };
		5CC64B43303C331D003D34B2 /* about in Resources */ = {isa = PBXBuildFile; fileRef = 5CC64B3B303C331D003D34B2 /* about */; };
		5CC64B44303C331D003D34B2 /* welcome in Resources */ = {isa = PBXBuildFile; fileRef = 5CC64B3C303C331D003D34B2 /* welcome */; };
		5CC64B45303C331D003D34B2 /* icons in Resources */ = {isa = PBXBuildFile; fileRef = 5CC64B3D303C331D003D34B2 /* icons */; };
		5CC64B46303C331D003D34B2 /* manifest.json in Resources */ = {isa = PBXBuildFile; fileRef = 5CC64B3E303C331D003D34B2 /* manifest.json */; };
		5CC64B47303C331D003D34B2 /* _locales in Resources */ = {isa = PBXBuildFile; fileRef = 5CC64B3F303C331D003D34B2 /* _locales */; };
		5CC64B48303C331D003D34B2 /* src in Resources */ = {isa = PBXBuildFile; fileRef = 5CC64B40303C331D003D34B2 /* src */; };
		5CC64B49303C331D003D34B2 /* popup in Resources */ = {isa = PBXBuildFile; fileRef = 5CC64B39303C331D003D34B2 /* popup */; };
		5CC64B4A303C331D003D34B2 /* dist in Resources */ = {isa = PBXBuildFile; fileRef = 5CC64B3A303C331D003D34B2 /* dist */; };
		5CC64B4B303C331D003D34B2 /* about in Resources */ = {isa = PBXBuildFile; fileRef = 5CC64B3B303C331D003D34B2 /* about */; };
		5CC64B4C303C331D003D34B2 /* welcome in Resources */ = {isa = PBXBuildFile; fileRef = 5CC64B3C303C331D003D34B2 /* welcome */; };
		5CC64B4D303C331D003D34B2 /* icons in Resources */ = {isa = PBXBuildFile; fileRef = 5CC64B3D303C331D003D34B2 /* icons */; };
		5CC64B4E303C331D003D34B2 /* manifest.json in Resources */ = {isa = PBXBuildFile; fileRef = 5CC64B3E303C331D003D34B2 /* manifest.json */; };
		5CC64B4F303C331D003D34B2 /* _locales in Resources */ = {isa = PBXBuildFile; fileRef = 5CC64B3F303C331D003D34B2 /* _locales */; };
		5CC64B50303C331D003D34B2 /* src in Resources */ = {isa = PBXBuildFile; fileRef = 5CC64B40303C331D003D34B2 /* src */; };
/* End PBXBuildFile section */

/* Begin PBXContainerItemProxy section */
		5CC64B0C303C331D003D34B2 /* PBXContainerItemProxy */ = {
			isa = PBXContainerItemProxy;
			containerPortal = 5CC64AD9303C331C003D34B2 /* Project object */;
			proxyType = 1;
			remoteGlobalIDString = 5CC64B09303C331D003D34B2;
			remoteInfo = "Article to Kindle Extension (iOS)";
		};
		5CC64B16303C331D003D34B2 /* PBXContainerItemProxy */ = {
			isa = PBXContainerItemProxy;
			containerPortal = 5CC64AD9303C331C003D34B2 /* Project object */;
			proxyType = 1;
			remoteGlobalIDString = 5CC64B13303C331D003D34B2;
			remoteInfo = "Article to Kindle Extension (macOS)";
		};
/* End PBXContainerItemProxy section */

/* Begin PBXCopyFilesBuildPhase section */
		5CC64B2D303C331D003D34B2 /* Embed Foundation Extensions */ = {
			isa = PBXCopyFilesBuildPhase;
			buildActionMask = 2147483647;
			dstPath = "";
			dstSubfolderSpec = 13;
			files = (
				5CC64B0B303C331D003D34B2 /* Article to Kindle Extension.appex in Embed Foundation Extensions */,
			);
			name = "Embed Foundation Extensions";
			runOnlyForDeploymentPostprocessing = 0;
		};
		5CC64B34303C331D003D34B2 /* Embed Foundation Extensions */ = {
			isa = PBXCopyFilesBuildPhase;
			buildActionMask = 2147483647;
			dstPath = "";
			dstSubfolderSpec = 13;
			files = (
				5CC64B15303C331D003D34B2 /* Article to Kindle Extension.appex in Embed Foundation Extensions */,
			);
			name = "Embed Foundation Extensions";
			runOnlyForDeploymentPostprocessing = 0;
		};
/* End PBXCopyFilesBuildPhase section */

/* Begin PBXFileReference section */
		5CC64AE0303C331C003D34B2 /* Base */ = {isa = PBXFileReference; lastKnownFileType = text.html; name = Base; path = Base.lproj/Main.html; sourceTree = "<group>"; };
		5CC64AE1303C331C003D34B2 /* Icon.png */ = {isa = PBXFileReference; lastKnownFileType = image.png; path = Icon.png; sourceTree = "<group>"; };
		5CC64AE2303C331C003D34B2 /* Style.css */ = {isa = PBXFileReference; lastKnownFileType = text.css; path = Style.css; sourceTree = "<group>"; };
		5CC64AE3303C331C003D34B2 /* Script.js */ = {isa = PBXFileReference; lastKnownFileType = sourcecode.javascript; path = Script.js; sourceTree = "<group>"; };
		5CC64AE4303C331C003D34B2 /* ViewController.swift */ = {isa = PBXFileReference; lastKnownFileType = sourcecode.swift; path = ViewController.swift; sourceTree = "<group>"; };
		5CC64AE5303C331D003D34B2 /* Assets.xcassets */ = {isa = PBXFileReference; lastKnownFileType = folder.assetcatalog; path = Assets.xcassets; sourceTree = "<group>"; };
		5CC64AE7303C331D003D34B2 /* SafariWebExtensionHandler.swift */ = {isa = PBXFileReference; lastKnownFileType = sourcecode.swift; path = SafariWebExtensionHandler.swift; sourceTree = "<group>"; };
		5CC64AEC303C331D003D34B2 /* Article to Kindle.app */ = {isa = PBXFileReference; explicitFileType = wrapper.application; includeInIndex = 0; path = "Article to Kindle.app"; sourceTree = BUILT_PRODUCTS_DIR; };
		5CC64AEF303C331D003D34B2 /* AppDelegate.swift */ = {isa = PBXFileReference; lastKnownFileType = sourcecode.swift; path = AppDelegate.swift; sourceTree = "<group>"; };
		5CC64AF1303C331D003D34B2 /* SceneDelegate.swift */ = {isa = PBXFileReference; lastKnownFileType = sourcecode.swift; path = SceneDelegate.swift; sourceTree = "<group>"; };
		5CC64AF4303C331D003D34B2 /* Base */ = {isa = PBXFileReference; lastKnownFileType = file.storyboard; name = Base; path = Base.lproj/LaunchScreen.storyboard; sourceTree = "<group>"; };
		5CC64AF7303C331D003D34B2 /* Base */ = {isa = PBXFileReference; lastKnownFileType = file.storyboard; name = Base; path = Base.lproj/Main.storyboard; sourceTree = "<group>"; };
		5CC64AF9303C331D003D34B2 /* Info.plist */ = {isa = PBXFileReference; lastKnownFileType = text.plist.xml; path = Info.plist; sourceTree = "<group>"; };
		5CC64AFE303C331D003D34B2 /* Article to Kindle.app */ = {isa = PBXFileReference; explicitFileType = wrapper.application; includeInIndex = 0; path = "Article to Kindle.app"; sourceTree = BUILT_PRODUCTS_DIR; };
		5CC64B00303C331D003D34B2 /* AppDelegate.swift */ = {isa = PBXFileReference; lastKnownFileType = sourcecode.swift; path = AppDelegate.swift; sourceTree = "<group>"; };
		5CC64B03303C331D003D34B2 /* Base */ = {isa = PBXFileReference; lastKnownFileType = file.storyboard; name = Base; path = Base.lproj/Main.storyboard; sourceTree = "<group>"; };
		5CC64B05303C331D003D34B2 /* Info.plist */ = {isa = PBXFileReference; lastKnownFileType = text.plist.xml; path = Info.plist; sourceTree = "<group>"; };
		5CC64B0A303C331D003D34B2 /* Article to Kindle Extension.appex */ = {isa = PBXFileReference; explicitFileType = "wrapper.app-extension"; includeInIndex = 0; path = "Article to Kindle Extension.appex"; sourceTree = BUILT_PRODUCTS_DIR; };
		5CC64B0F303C331D003D34B2 /* Info.plist */ = {isa = PBXFileReference; lastKnownFileType = text.plist.xml; path = Info.plist; sourceTree = "<group>"; };
		5CC64B14303C331D003D34B2 /* Article to Kindle Extension.appex */ = {isa = PBXFileReference; explicitFileType = "wrapper.app-extension"; includeInIndex = 0; path = "Article to Kindle Extension.appex"; sourceTree = BUILT_PRODUCTS_DIR; };
		5CC64B19303C331D003D34B2 /* Info.plist */ = {isa = PBXFileReference; lastKnownFileType = text.plist.xml; path = Info.plist; sourceTree = "<group>"; };
		5CC64B39303C331D003D34B2 /* popup */ = {isa = PBXFileReference; lastKnownFileType = folder; name = popup; path = Resources/popup; sourceTree = "<group>"; };
		5CC64B3A303C331D003D34B2 /* dist */ = {isa = PBXFileReference; lastKnownFileType = folder; name = dist; path = Resources/dist; sourceTree = "<group>"; };
		5CC64B3B303C331D003D34B2 /* about */ = {isa = PBXFileReference; lastKnownFileType = folder; name = about; path = Resources/about; sourceTree = "<group>"; };
		5CC64B3C303C331D003D34B2 /* welcome */ = {isa = PBXFileReference; lastKnownFileType = folder; name = welcome; path = Resources/welcome; sourceTree = "<group>"; };
		5CC64B3D303C331D003D34B2 /* icons */ = {isa = PBXFileReference; lastKnownFileType = folder; name = icons; path = Resources/icons; sourceTree = "<group>"; };
		5CC64B3E303C331D003D34B2 /* manifest.json */ = {isa = PBXFileReference; lastKnownFileType = text.json; name = manifest.json; path = Resources/manifest.json; sourceTree = "<group>"; };
		5CC64B3F303C331D003D34B2 /* _locales */ = {isa = PBXFileReference; lastKnownFileType = folder; name = _locales; path = Resources/_locales; sourceTree = "<group>"; };
		5CC64B40303C331D003D34B2 /* src */ = {isa = PBXFileReference; lastKnownFileType = folder; name = src; path = Resources/src; sourceTree = "<group>"; };
/* End PBXFileReference section */

/* Begin PBXFrameworksBuildPhase section */
		5CC64AE9303C331D003D34B2 /* Frameworks */ = {
			isa = PBXFrameworksBuildPhase;
			buildActionMask = 2147483647;
			files = (
			);
			runOnlyForDeploymentPostprocessing = 0;
		};
		5CC64AFB303C331D003D34B2 /* Frameworks */ = {
			isa = PBXFrameworksBuildPhase;
			buildActionMask = 2147483647;
			files = (
			);
			runOnlyForDeploymentPostprocessing = 0;
		};
		5CC64B07303C331D003D34B2 /* Frameworks */ = {
			isa = PBXFrameworksBuildPhase;
			buildActionMask = 2147483647;
			files = (
			);
			runOnlyForDeploymentPostprocessing = 0;
		};
		5CC64B11303C331D003D34B2 /* Frameworks */ = {
			isa = PBXFrameworksBuildPhase;
			buildActionMask = 2147483647;
			files = (
			);
			runOnlyForDeploymentPostprocessing = 0;
		};
/* End PBXFrameworksBuildPhase section */

/* Begin PBXGroup section */
		5CC64AD8303C331C003D34B2 = {
			isa = PBXGroup;
			children = (
				5CC64ADD303C331C003D34B2 /* Shared (App) */,
				5CC64AE6303C331D003D34B2 /* Shared (Extension) */,
				5CC64AEE303C331D003D34B2 /* iOS (App) */,
				5CC64AFF303C331D003D34B2 /* macOS (App) */,
				5CC64B0E303C331D003D34B2 /* iOS (Extension) */,
				5CC64B18303C331D003D34B2 /* macOS (Extension) */,
				5CC64AED303C331D003D34B2 /* Products */,
			);
			sourceTree = "<group>";
		};
		5CC64ADD303C331C003D34B2 /* Shared (App) */ = {
			isa = PBXGroup;
			children = (
				5CC64AE4303C331C003D34B2 /* ViewController.swift */,
				5CC64AE5303C331D003D34B2 /* Assets.xcassets */,
				5CC64ADE303C331C003D34B2 /* Resources */,
			);
			path = "Shared (App)";
			sourceTree = "<group>";
		};
		5CC64ADE303C331C003D34B2 /* Resources */ = {
			isa = PBXGroup;
			children = (
				5CC64ADF303C331C003D34B2 /* Main.html */,
				5CC64AE1303C331C003D34B2 /* Icon.png */,
				5CC64AE2303C331C003D34B2 /* Style.css */,
				5CC64AE3303C331C003D34B2 /* Script.js */,
			);
			path = Resources;
			sourceTree = "<group>";
		};
		5CC64AE6303C331D003D34B2 /* Shared (Extension) */ = {
			isa = PBXGroup;
			children = (
				5CC64B38303C331D003D34B2 /* Resources */,
				5CC64AE7303C331D003D34B2 /* SafariWebExtensionHandler.swift */,
			);
			path = "Shared (Extension)";
			sourceTree = "<group>";
		};
		5CC64AED303C331D003D34B2 /* Products */ = {
			isa = PBXGroup;
			children = (
				5CC64AEC303C331D003D34B2 /* Article to Kindle.app */,
				5CC64AFE303C331D003D34B2 /* Article to Kindle.app */,
				5CC64B0A303C331D003D34B2 /* Article to Kindle Extension.appex */,
				5CC64B14303C331D003D34B2 /* Article to Kindle Extension.appex */,
			);
			name = Products;
			sourceTree = "<group>";
		};
		5CC64AEE303C331D003D34B2 /* iOS (App) */ = {
			isa = PBXGroup;
			children = (
				5CC64AEF303C331D003D34B2 /* AppDelegate.swift */,
				5CC64AF1303C331D003D34B2 /* SceneDelegate.swift */,
				5CC64AF3303C331D003D34B2 /* LaunchScreen.storyboard */,
				5CC64AF6303C331D003D34B2 /* Main.storyboard */,
				5CC64AF9303C331D003D34B2 /* Info.plist */,
			);
			path = "iOS (App)";
			sourceTree = "<group>";
		};
		5CC64AFF303C331D003D34B2 /* macOS (App) */ = {
			isa = PBXGroup;
			children = (
				5CC64B00303C331D003D34B2 /* AppDelegate.swift */,
				5CC64B02303C331D003D34B2 /* Main.storyboard */,
				5CC64B05303C331D003D34B2 /* Info.plist */,
			);
			path = "macOS (App)";
			sourceTree = "<group>";
		};
		5CC64B0E303C331D003D34B2 /* iOS (Extension) */ = {
			isa = PBXGroup;
			children = (
				5CC64B0F303C331D003D34B2 /* Info.plist */,
			);
			path = "iOS (Extension)";
			sourceTree = "<group>";
		};
		5CC64B18303C331D003D34B2 /* macOS (Extension) */ = {
			isa = PBXGroup;
			children = (
				5CC64B19303C331D003D34B2 /* Info.plist */,
			);
			path = "macOS (Extension)";
			sourceTree = "<group>";
		};
		5CC64B38303C331D003D34B2 /* Resources */ = {
			isa = PBXGroup;
			children = (
				5CC64B39303C331D003D34B2 /* popup */,
				5CC64B3A303C331D003D34B2 /* dist */,
				5CC64B3B303C331D003D34B2 /* about */,
				5CC64B3C303C331D003D34B2 /* welcome */,
				5CC64B3D303C331D003D34B2 /* icons */,
				5CC64B3E303C331D003D34B2 /* manifest.json */,
				5CC64B3F303C331D003D34B2 /* _locales */,
				5CC64B40303C331D003D34B2 /* src */,
			);
			name = Resources;
			path = "Shared (Extension)";
			sourceTree = SOURCE_ROOT;
		};
/* End PBXGroup section */

/* Begin PBXNativeTarget section */
		5CC64AEB303C331D003D34B2 /* Article to Kindle (iOS) */ = {
			isa = PBXNativeTarget;
			buildConfigurationList = 5CC64B2E303C331D003D34B2 /* Build configuration list for PBXNativeTarget "Article to Kindle (iOS)" */;
			buildPhases = (
				5CC64AE8303C331D003D34B2 /* Sources */,
				5CC64AE9303C331D003D34B2 /* Frameworks */,
				5CC64AEA303C331D003D34B2 /* Resources */,
				5CC64B2D303C331D003D34B2 /* Embed Foundation Extensions */,
			);
			buildRules = (
			);
			dependencies = (
				5CC64B0D303C331D003D34B2 /* PBXTargetDependency */,
			);
			name = "Article to Kindle (iOS)";
			packageProductDependencies = (
			);
			productName = "Article to Kindle (iOS)";
			productReference = 5CC64AEC303C331D003D34B2 /* Article to Kindle.app */;
			productType = "com.apple.product-type.application";
		};
		5CC64AFD303C331D003D34B2 /* Article to Kindle (macOS) */ = {
			isa = PBXNativeTarget;
			buildConfigurationList = 5CC64B35303C331D003D34B2 /* Build configuration list for PBXNativeTarget "Article to Kindle (macOS)" */;
			buildPhases = (
				5CC64AFA303C331D003D34B2 /* Sources */,
				5CC64AFB303C331D003D34B2 /* Frameworks */,
				5CC64AFC303C331D003D34B2 /* Resources */,
				5CC64B34303C331D003D34B2 /* Embed Foundation Extensions */,
			);
			buildRules = (
			);
			dependencies = (
				5CC64B17303C331D003D34B2 /* PBXTargetDependency */,
			);
			name = "Article to Kindle (macOS)";
			packageProductDependencies = (
			);
			productName = "Article to Kindle (macOS)";
			productReference = 5CC64AFE303C331D003D34B2 /* Article to Kindle.app */;
			productType = "com.apple.product-type.application";
		};
		5CC64B09303C331D003D34B2 /* Article to Kindle Extension (iOS) */ = {
			isa = PBXNativeTarget;
			buildConfigurationList = 5CC64B2A303C331D003D34B2 /* Build configuration list for PBXNativeTarget "Article to Kindle Extension (iOS)" */;
			buildPhases = (
				5CC64B06303C331D003D34B2 /* Sources */,
				5CC64B07303C331D003D34B2 /* Frameworks */,
				5CC64B08303C331D003D34B2 /* Resources */,
			);
			buildRules = (
			);
			dependencies = (
			);
			name = "Article to Kindle Extension (iOS)";
			packageProductDependencies = (
			);
			productName = "Article to Kindle Extension (iOS)";
			productReference = 5CC64B0A303C331D003D34B2 /* Article to Kindle Extension.appex */;
			productType = "com.apple.product-type.app-extension";
		};
		5CC64B13303C331D003D34B2 /* Article to Kindle Extension (macOS) */ = {
			isa = PBXNativeTarget;
			buildConfigurationList = 5CC64B31303C331D003D34B2 /* Build configuration list for PBXNativeTarget "Article to Kindle Extension (macOS)" */;
			buildPhases = (
				5CC64B10303C331D003D34B2 /* Sources */,
				5CC64B11303C331D003D34B2 /* Frameworks */,
				5CC64B12303C331D003D34B2 /* Resources */,
			);
			buildRules = (
			);
			dependencies = (
			);
			name = "Article to Kindle Extension (macOS)";
			packageProductDependencies = (
			);
			productName = "Article to Kindle Extension (macOS)";
			productReference = 5CC64B14303C331D003D34B2 /* Article to Kindle Extension.appex */;
			productType = "com.apple.product-type.app-extension";
		};
/* End PBXNativeTarget section */

/* Begin PBXProject section */
		5CC64AD9303C331C003D34B2 /* Project object */ = {
			isa = PBXProject;
			attributes = {
				BuildIndependentTargetsInParallel = 1;
				LastSwiftUpdateCheck = 2660;
				LastUpgradeCheck = 2660;
				TargetAttributes = {
					5CC64AEB303C331D003D34B2 = {
						CreatedOnToolsVersion = 26.6;
					};
					5CC64AFD303C331D003D34B2 = {
						CreatedOnToolsVersion = 26.6;
					};
					5CC64B09303C331D003D34B2 = {
						CreatedOnToolsVersion = 26.6;
					};
					5CC64B13303C331D003D34B2 = {
						CreatedOnToolsVersion = 26.6;
					};
				};
			};
			buildConfigurationList = 5CC64ADC303C331C003D34B2 /* Build configuration list for PBXProject "Article to Kindle" */;
			developmentRegion = en;
			hasScannedForEncodings = 0;
			knownRegions = (
				en,
				Base,
			);
			mainGroup = 5CC64AD8303C331C003D34B2;
			minimizedProjectReferenceProxies = 1;
			preferredProjectObjectVersion = 77;
			productRefGroup = 5CC64AED303C331D003D34B2 /* Products */;
			projectDirPath = "";
			projectRoot = "";
			targets = (
				5CC64AEB303C331D003D34B2 /* Article to Kindle (iOS) */,
				5CC64AFD303C331D003D34B2 /* Article to Kindle (macOS) */,
				5CC64B09303C331D003D34B2 /* Article to Kindle Extension (iOS) */,
				5CC64B13303C331D003D34B2 /* Article to Kindle Extension (macOS) */,
			);
		};
/* End PBXProject section */

/* Begin PBXResourcesBuildPhase section */
		5CC64AEA303C331D003D34B2 /* Resources */ = {
			isa = PBXResourcesBuildPhase;
			buildActionMask = 2147483647;
			files = (
				5CC64B1C303C331D003D34B2 /* Icon.png in Resources */,
				5CC64AF5303C331D003D34B2 /* LaunchScreen.storyboard in Resources */,
				5CC64B1A303C331D003D34B2 /* Main.html in Resources */,
				5CC64B20303C331D003D34B2 /* Script.js in Resources */,
				5CC64B24303C331D003D34B2 /* Assets.xcassets in Resources */,
				5CC64AF8303C331D003D34B2 /* Main.storyboard in Resources */,
				5CC64B1E303C331D003D34B2 /* Style.css in Resources */,
			);
			runOnlyForDeploymentPostprocessing = 0;
		};
		5CC64AFC303C331D003D34B2 /* Resources */ = {
			isa = PBXResourcesBuildPhase;
			buildActionMask = 2147483647;
			files = (
				5CC64B1D303C331D003D34B2 /* Icon.png in Resources */,
				5CC64B1F303C331D003D34B2 /* Style.css in Resources */,
				5CC64B04303C331D003D34B2 /* Main.storyboard in Resources */,
				5CC64B21303C331D003D34B2 /* Script.js in Resources */,
				5CC64B25303C331D003D34B2 /* Assets.xcassets in Resources */,
				5CC64B1B303C331D003D34B2 /* Main.html in Resources */,
			);
			runOnlyForDeploymentPostprocessing = 0;
		};
		5CC64B08303C331D003D34B2 /* Resources */ = {
			isa = PBXResourcesBuildPhase;
			buildActionMask = 2147483647;
			files = (
				5CC64B4B303C331D003D34B2 /* about in Resources */,
				5CC64B4A303C331D003D34B2 /* dist in Resources */,
				5CC64B49303C331D003D34B2 /* popup in Resources */,
				5CC64B50303C331D003D34B2 /* src in Resources */,
				5CC64B4D303C331D003D34B2 /* icons in Resources */,
				5CC64B4E303C331D003D34B2 /* manifest.json in Resources */,
				5CC64B4F303C331D003D34B2 /* _locales in Resources */,
				5CC64B4C303C331D003D34B2 /* welcome in Resources */,
			);
			runOnlyForDeploymentPostprocessing = 0;
		};
		5CC64B12303C331D003D34B2 /* Resources */ = {
			isa = PBXResourcesBuildPhase;
			buildActionMask = 2147483647;
			files = (
				5CC64B43303C331D003D34B2 /* about in Resources */,
				5CC64B42303C331D003D34B2 /* dist in Resources */,
				5CC64B41303C331D003D34B2 /* popup in Resources */,
				5CC64B48303C331D003D34B2 /* src in Resources */,
				5CC64B45303C331D003D34B2 /* icons in Resources */,
				5CC64B46303C331D003D34B2 /* manifest.json in Resources */,
				5CC64B47303C331D003D34B2 /* _locales in Resources */,
				5CC64B44303C331D003D34B2 /* welcome in Resources */,
			);
			runOnlyForDeploymentPostprocessing = 0;
		};
/* End PBXResourcesBuildPhase section */

/* Begin PBXSourcesBuildPhase section */
		5CC64AE8303C331D003D34B2 /* Sources */ = {
			isa = PBXSourcesBuildPhase;
			buildActionMask = 2147483647;
			files = (
				5CC64B22303C331D003D34B2 /* ViewController.swift in Sources */,
				5CC64AF0303C331D003D34B2 /* AppDelegate.swift in Sources */,
				5CC64AF2303C331D003D34B2 /* SceneDelegate.swift in Sources */,
			);
			runOnlyForDeploymentPostprocessing = 0;
		};
		5CC64AFA303C331D003D34B2 /* Sources */ = {
			isa = PBXSourcesBuildPhase;
			buildActionMask = 2147483647;
			files = (
				5CC64B23303C331D003D34B2 /* ViewController.swift in Sources */,
				5CC64B01303C331D003D34B2 /* AppDelegate.swift in Sources */,
			);
			runOnlyForDeploymentPostprocessing = 0;
		};
		5CC64B06303C331D003D34B2 /* Sources */ = {
			isa = PBXSourcesBuildPhase;
			buildActionMask = 2147483647;
			files = (
				5CC64B26303C331D003D34B2 /* SafariWebExtensionHandler.swift in Sources */,
			);
			runOnlyForDeploymentPostprocessing = 0;
		};
		5CC64B10303C331D003D34B2 /* Sources */ = {
			isa = PBXSourcesBuildPhase;
			buildActionMask = 2147483647;
			files = (
				5CC64B27303C331D003D34B2 /* SafariWebExtensionHandler.swift in Sources */,
			);
			runOnlyForDeploymentPostprocessing = 0;
		};
/* End PBXSourcesBuildPhase section */

/* Begin PBXTargetDependency section */
		5CC64B0D303C331D003D34B2 /* PBXTargetDependency */ = {
			isa = PBXTargetDependency;
			target = 5CC64B09303C331D003D34B2 /* Article to Kindle Extension (iOS) */;
			targetProxy = 5CC64B0C303C331D003D34B2 /* PBXContainerItemProxy */;
		};
		5CC64B17303C331D003D34B2 /* PBXTargetDependency */ = {
			isa = PBXTargetDependency;
			target = 5CC64B13303C331D003D34B2 /* Article to Kindle Extension (macOS) */;
			targetProxy = 5CC64B16303C331D003D34B2 /* PBXContainerItemProxy */;
		};
/* End PBXTargetDependency section */

/* Begin PBXVariantGroup section */
		5CC64ADF303C331C003D34B2 /* Main.html */ = {
			isa = PBXVariantGroup;
			children = (
				5CC64AE0303C331C003D34B2 /* Base */,
			);
			name = Main.html;
			sourceTree = "<group>";
		};
		5CC64AF3303C331D003D34B2 /* LaunchScreen.storyboard */ = {
			isa = PBXVariantGroup;
			children = (
				5CC64AF4303C331D003D34B2 /* Base */,
			);
			name = LaunchScreen.storyboard;
			sourceTree = "<group>";
		};
		5CC64AF6303C331D003D34B2 /* Main.storyboard */ = {
			isa = PBXVariantGroup;
			children = (
				5CC64AF7303C331D003D34B2 /* Base */,
			);
			name = Main.storyboard;
			sourceTree = "<group>";
		};
		5CC64B02303C331D003D34B2 /* Main.storyboard */ = {
			isa = PBXVariantGroup;
			children = (
				5CC64B03303C331D003D34B2 /* Base */,
			);
			name = Main.storyboard;
			sourceTree = "<group>";
		};
/* End PBXVariantGroup section */

/* Begin XCBuildConfiguration section */
		5CC64B28303C331D003D34B2 /* Debug */ = {
			isa = XCBuildConfiguration;
			buildSettings = {
				ALWAYS_SEARCH_USER_PATHS = NO;
				ASSETCATALOG_COMPILER_GENERATE_SWIFT_ASSET_SYMBOL_EXTENSIONS = YES;
				CLANG_ANALYZER_NONNULL = YES;
				CLANG_ANALYZER_NUMBER_OBJECT_CONVERSION = YES_AGGRESSIVE;
				CLANG_CXX_LANGUAGE_STANDARD = "gnu++20";
				CLANG_ENABLE_MODULES = YES;
				CLANG_ENABLE_OBJC_ARC = YES;
				CLANG_ENABLE_OBJC_WEAK = YES;
				CLANG_WARN_BLOCK_CAPTURE_AUTORELEASING = YES;
				CLANG_WARN_BOOL_CONVERSION = YES;
				CLANG_WARN_COMMA = YES;
				CLANG_WARN_CONSTANT_CONVERSION = YES;
				CLANG_WARN_DEPRECATED_OBJC_IMPLEMENTATIONS = YES;
				CLANG_WARN_DIRECT_OBJC_ISA_USAGE = YES_ERROR;
				CLANG_WARN_DOCUMENTATION_COMMENTS = YES;
				CLANG_WARN_EMPTY_BODY = YES;
				CLANG_WARN_ENUM_CONVERSION = YES;
				CLANG_WARN_INFINITE_RECURSION = YES;
				CLANG_WARN_INT_CONVERSION = YES;
				CLANG_WARN_NON_LITERAL_NULL_CONVERSION = YES;
				CLANG_WARN_OBJC_IMPLICIT_RETAIN_SELF = YES;
				CLANG_WARN_OBJC_LITERAL_CONVERSION = YES;
				CLANG_WARN_OBJC_ROOT_CLASS = YES_ERROR;
				CLANG_WARN_QUOTED_INCLUDE_IN_FRAMEWORK_HEADER = YES;
				CLANG_WARN_RANGE_LOOP_ANALYSIS = YES;
				CLANG_WARN_STRICT_PROTOTYPES = YES;
				CLANG_WARN_SUSPICIOUS_MOVE = YES;
				CLANG_WARN_UNGUARDED_AVAILABILITY = YES_AGGRESSIVE;
				CLANG_WARN_UNREACHABLE_CODE = YES;
				CLANG_WARN__DUPLICATE_METHOD_MATCH = YES;
				COPY_PHASE_STRIP = NO;
				DEBUG_INFORMATION_FORMAT = dwarf;
				ENABLE_STRICT_OBJC_MSGSEND = YES;
				ENABLE_TESTABILITY = YES;
				ENABLE_USER_SCRIPT_SANDBOXING = YES;
				GCC_C_LANGUAGE_STANDARD = gnu17;
				GCC_DYNAMIC_NO_PIC = NO;
				GCC_NO_COMMON_BLOCKS = YES;
				GCC_OPTIMIZATION_LEVEL = 0;
				GCC_PREPROCESSOR_DEFINITIONS = (
					"DEBUG=1",
					"$(inherited)",
				);
				GCC_WARN_64_TO_32_BIT_CONVERSION = YES;
				GCC_WARN_ABOUT_RETURN_TYPE = YES_ERROR;
				GCC_WARN_UNDECLARED_SELECTOR = YES;
				GCC_WARN_UNINITIALIZED_AUTOS = YES_AGGRESSIVE;
				GCC_WARN_UNUSED_FUNCTION = YES;
				GCC_WARN_UNUSED_VARIABLE = YES;
				LOCALIZATION_PREFERS_STRING_CATALOGS = YES;
				MTL_ENABLE_DEBUG_INFO = INCLUDE_SOURCE;
				MTL_FAST_MATH = YES;
				ONLY_ACTIVE_ARCH = YES;
				SWIFT_ACTIVE_COMPILATION_CONDITIONS = "DEBUG $(inherited)";
				SWIFT_OPTIMIZATION_LEVEL = "-Onone";
			};
			name = Debug;
		};
		5CC64B29303C331D003D34B2 /* Release */ = {
			isa = XCBuildConfiguration;
			buildSettings = {
				ALWAYS_SEARCH_USER_PATHS = NO;
				ASSETCATALOG_COMPILER_GENERATE_SWIFT_ASSET_SYMBOL_EXTENSIONS = YES;
				CLANG_ANALYZER_NONNULL = YES;
				CLANG_ANALYZER_NUMBER_OBJECT_CONVERSION = YES_AGGRESSIVE;
				CLANG_CXX_LANGUAGE_STANDARD = "gnu++20";
				CLANG_ENABLE_MODULES = YES;
				CLANG_ENABLE_OBJC_ARC = YES;
				CLANG_ENABLE_OBJC_WEAK = YES;
				CLANG_WARN_BLOCK_CAPTURE_AUTORELEASING = YES;
				CLANG_WARN_BOOL_CONVERSION = YES;
				CLANG_WARN_COMMA = YES;
				CLANG_WARN_CONSTANT_CONVERSION = YES;
				CLANG_WARN_DEPRECATED_OBJC_IMPLEMENTATIONS = YES;
				CLANG_WARN_DIRECT_OBJC_ISA_USAGE = YES_ERROR;
				CLANG_WARN_DOCUMENTATION_COMMENTS = YES;
				CLANG_WARN_EMPTY_BODY = YES;
				CLANG_WARN_ENUM_CONVERSION = YES;
				CLANG_WARN_INFINITE_RECURSION = YES;
				CLANG_WARN_INT_CONVERSION = YES;
				CLANG_WARN_NON_LITERAL_NULL_CONVERSION = YES;
				CLANG_WARN_OBJC_IMPLICIT_RETAIN_SELF = YES;
				CLANG_WARN_OBJC_LITERAL_CONVERSION = YES;
				CLANG_WARN_OBJC_ROOT_CLASS = YES_ERROR;
				CLANG_WARN_QUOTED_INCLUDE_IN_FRAMEWORK_HEADER = YES;
				CLANG_WARN_RANGE_LOOP_ANALYSIS = YES;
				CLANG_WARN_STRICT_PROTOTYPES = YES;
				CLANG_WARN_SUSPICIOUS_MOVE = YES;
				CLANG_WARN_UNGUARDED_AVAILABILITY = YES_AGGRESSIVE;
				CLANG_WARN_UNREACHABLE_CODE = YES;
				CLANG_WARN__DUPLICATE_METHOD_MATCH = YES;
				COPY_PHASE_STRIP = NO;
				DEBUG_INFORMATION_FORMAT = "dwarf-with-dsym";
				ENABLE_NS_ASSERTIONS = NO;
				ENABLE_STRICT_OBJC_MSGSEND = YES;
				ENABLE_USER_SCRIPT_SANDBOXING = YES;
				GCC_C_LANGUAGE_STANDARD = gnu17;
				GCC_NO_COMMON_BLOCKS = YES;
				GCC_WARN_64_TO_32_BIT_CONVERSION = YES;
				GCC_WARN_ABOUT_RETURN_TYPE = YES_ERROR;
				GCC_WARN_UNDECLARED_SELECTOR = YES;
				GCC_WARN_UNINITIALIZED_AUTOS = YES_AGGRESSIVE;
				GCC_WARN_UNUSED_FUNCTION = YES;
				GCC_WARN_UNUSED_VARIABLE = YES;
				LOCALIZATION_PREFERS_STRING_CATALOGS = YES;
				MTL_ENABLE_DEBUG_INFO = NO;
				MTL_FAST_MATH = YES;
				SWIFT_COMPILATION_MODE = wholemodule;
			};
			name = Release;
		};
		5CC64B2B303C331D003D34B2 /* Debug */ = {
			isa = XCBuildConfiguration;
			buildSettings = {
				CODE_SIGN_STYLE = Automatic;
				CURRENT_PROJECT_VERSION = 1;
				GENERATE_INFOPLIST_FILE = YES;
				INFOPLIST_FILE = "iOS (Extension)/Info.plist";
				INFOPLIST_KEY_CFBundleDisplayName = "Article to Kindle Extension";
				INFOPLIST_KEY_NSHumanReadableCopyright = "";
				IPHONEOS_DEPLOYMENT_TARGET = 15.0;
				LD_RUNPATH_SEARCH_PATHS = (
					"$(inherited)",
					"@executable_path/Frameworks",
					"@executable_path/../../Frameworks",
				);
				MARKETING_VERSION = 1.0;
				OTHER_LDFLAGS = (
					"-framework",
					SafariServices,
				);
				PRODUCT_BUNDLE_IDENTIFIER = app.articletokindle.Extension;
				PRODUCT_NAME = "Article to Kindle Extension";
				SDKROOT = iphoneos;
				SKIP_INSTALL = YES;
				STRING_CATALOG_GENERATE_SYMBOLS = YES;
				SWIFT_APPROACHABLE_CONCURRENCY = YES;
				SWIFT_EMIT_LOC_STRINGS = YES;
				SWIFT_UPCOMING_FEATURE_MEMBER_IMPORT_VISIBILITY = YES;
				SWIFT_VERSION = 5.0;
				TARGETED_DEVICE_FAMILY = "1,2";
			};
			name = Debug;
		};
		5CC64B2C303C331D003D34B2 /* Release */ = {
			isa = XCBuildConfiguration;
			buildSettings = {
				CODE_SIGN_STYLE = Automatic;
				CURRENT_PROJECT_VERSION = 1;
				GENERATE_INFOPLIST_FILE = YES;
				INFOPLIST_FILE = "iOS (Extension)/Info.plist";
				INFOPLIST_KEY_CFBundleDisplayName = "Article to Kindle Extension";
				INFOPLIST_KEY_NSHumanReadableCopyright = "";
				IPHONEOS_DEPLOYMENT_TARGET = 15.0;
				LD_RUNPATH_SEARCH_PATHS = (
					"$(inherited)",
					"@executable_path/Frameworks",
					"@executable_path/../../Frameworks",
				);
				MARKETING_VERSION = 1.0;
				OTHER_LDFLAGS = (
					"-framework",
					SafariServices,
				);
				PRODUCT_BUNDLE_IDENTIFIER = app.articletokindle.Extension;
				PRODUCT_NAME = "Article to Kindle Extension";
				SDKROOT = iphoneos;
				SKIP_INSTALL = YES;
				STRING_CATALOG_GENERATE_SYMBOLS = YES;
				SWIFT_APPROACHABLE_CONCURRENCY = YES;
				SWIFT_EMIT_LOC_STRINGS = YES;
				SWIFT_UPCOMING_FEATURE_MEMBER_IMPORT_VISIBILITY = YES;
				SWIFT_VERSION = 5.0;
				TARGETED_DEVICE_FAMILY = "1,2";
				VALIDATE_PRODUCT = YES;
			};
			name = Release;
		};
		5CC64B2F303C331D003D34B2 /* Debug */ = {
			isa = XCBuildConfiguration;
			buildSettings = {
				ASSETCATALOG_COMPILER_APPICON_NAME = AppIcon;
				ASSETCATALOG_COMPILER_GLOBAL_ACCENT_COLOR_NAME = AccentColor;
				CODE_SIGN_STYLE = Automatic;
				CURRENT_PROJECT_VERSION = 1;
				GENERATE_INFOPLIST_FILE = YES;
				INFOPLIST_FILE = "iOS (App)/Info.plist";
				INFOPLIST_KEY_CFBundleDisplayName = "Article to Kindle";
				INFOPLIST_KEY_UIApplicationSupportsIndirectInputEvents = YES;
				INFOPLIST_KEY_UILaunchStoryboardName = LaunchScreen;
				INFOPLIST_KEY_UIMainStoryboardFile = Main;
				INFOPLIST_KEY_UISupportedInterfaceOrientations = "UIInterfaceOrientationPortrait UIInterfaceOrientationLandscapeLeft UIInterfaceOrientationLandscapeRight";
				INFOPLIST_KEY_UISupportedInterfaceOrientations_iPad = "UIInterfaceOrientationPortrait UIInterfaceOrientationPortraitUpsideDown UIInterfaceOrientationLandscapeLeft UIInterfaceOrientationLandscapeRight";
				IPHONEOS_DEPLOYMENT_TARGET = 15.0;
				LD_RUNPATH_SEARCH_PATHS = (
					"$(inherited)",
					"@executable_path/Frameworks",
				);
				MARKETING_VERSION = 1.0;
				OTHER_LDFLAGS = (
					"-framework",
					SafariServices,
					"-framework",
					WebKit,
				);
				PRODUCT_BUNDLE_IDENTIFIER = app.articletokindle;
				PRODUCT_NAME = "Article to Kindle";
				SDKROOT = iphoneos;
				STRING_CATALOG_GENERATE_SYMBOLS = YES;
				SWIFT_APPROACHABLE_CONCURRENCY = YES;
				SWIFT_DEFAULT_ACTOR_ISOLATION = MainActor;
				SWIFT_EMIT_LOC_STRINGS = YES;
				SWIFT_UPCOMING_FEATURE_MEMBER_IMPORT_VISIBILITY = YES;
				SWIFT_VERSION = 5.0;
				TARGETED_DEVICE_FAMILY = "1,2";
			};
			name = Debug;
		};
		5CC64B30303C331D003D34B2 /* Release */ = {
			isa = XCBuildConfiguration;
			buildSettings = {
				ASSETCATALOG_COMPILER_APPICON_NAME = AppIcon;
				ASSETCATALOG_COMPILER_GLOBAL_ACCENT_COLOR_NAME = AccentColor;
				CODE_SIGN_STYLE = Automatic;
				CURRENT_PROJECT_VERSION = 1;
				GENERATE_INFOPLIST_FILE = YES;
				INFOPLIST_FILE = "iOS (App)/Info.plist";
				INFOPLIST_KEY_CFBundleDisplayName = "Article to Kindle";
				INFOPLIST_KEY_UIApplicationSupportsIndirectInputEvents = YES;
				INFOPLIST_KEY_UILaunchStoryboardName = LaunchScreen;
				INFOPLIST_KEY_UIMainStoryboardFile = Main;
				INFOPLIST_KEY_UISupportedInterfaceOrientations = "UIInterfaceOrientationPortrait UIInterfaceOrientationLandscapeLeft UIInterfaceOrientationLandscapeRight";
				INFOPLIST_KEY_UISupportedInterfaceOrientations_iPad = "UIInterfaceOrientationPortrait UIInterfaceOrientationPortraitUpsideDown UIInterfaceOrientationLandscapeLeft UIInterfaceOrientationLandscapeRight";
				IPHONEOS_DEPLOYMENT_TARGET = 15.0;
				LD_RUNPATH_SEARCH_PATHS = (
					"$(inherited)",
					"@executable_path/Frameworks",
				);
				MARKETING_VERSION = 1.0;
				OTHER_LDFLAGS = (
					"-framework",
					SafariServices,
					"-framework",
					WebKit,
				);
				PRODUCT_BUNDLE_IDENTIFIER = app.articletokindle;
				PRODUCT_NAME = "Article to Kindle";
				SDKROOT = iphoneos;
				STRING_CATALOG_GENERATE_SYMBOLS = YES;
				SWIFT_APPROACHABLE_CONCURRENCY = YES;
				SWIFT_DEFAULT_ACTOR_ISOLATION = MainActor;
				SWIFT_EMIT_LOC_STRINGS = YES;
				SWIFT_UPCOMING_FEATURE_MEMBER_IMPORT_VISIBILITY = YES;
				SWIFT_VERSION = 5.0;
				TARGETED_DEVICE_FAMILY = "1,2";
				VALIDATE_PRODUCT = YES;
			};
			name = Release;
		};
		5CC64B32303C331D003D34B2 /* Debug */ = {
			isa = XCBuildConfiguration;
			buildSettings = {
				CODE_SIGN_STYLE = Automatic;
				CURRENT_PROJECT_VERSION = 1;
				ENABLE_APP_SANDBOX = YES;
				ENABLE_HARDENED_RUNTIME = YES;
				ENABLE_USER_SELECTED_FILES = readonly;
				GENERATE_INFOPLIST_FILE = YES;
				INFOPLIST_FILE = "macOS (Extension)/Info.plist";
				INFOPLIST_KEY_CFBundleDisplayName = "Article to Kindle Extension";
				INFOPLIST_KEY_NSHumanReadableCopyright = "";
				LD_RUNPATH_SEARCH_PATHS = (
					"$(inherited)",
					"@executable_path/../Frameworks",
					"@executable_path/../../../../Frameworks",
				);
				MACOSX_DEPLOYMENT_TARGET = 10.14;
				MARKETING_VERSION = 1.0;
				OTHER_LDFLAGS = (
					"-framework",
					SafariServices,
				);
				PRODUCT_BUNDLE_IDENTIFIER = app.articletokindle.Extension;
				PRODUCT_NAME = "Article to Kindle Extension";
				SDKROOT = macosx;
				SKIP_INSTALL = YES;
				STRING_CATALOG_GENERATE_SYMBOLS = YES;
				SWIFT_APPROACHABLE_CONCURRENCY = YES;
				SWIFT_EMIT_LOC_STRINGS = YES;
				SWIFT_UPCOMING_FEATURE_MEMBER_IMPORT_VISIBILITY = YES;
				SWIFT_VERSION = 5.0;
			};
			name = Debug;
		};
		5CC64B33303C331D003D34B2 /* Release */ = {
			isa = XCBuildConfiguration;
			buildSettings = {
				CODE_SIGN_STYLE = Automatic;
				CURRENT_PROJECT_VERSION = 1;
				ENABLE_APP_SANDBOX = YES;
				ENABLE_HARDENED_RUNTIME = YES;
				ENABLE_USER_SELECTED_FILES = readonly;
				GENERATE_INFOPLIST_FILE = YES;
				INFOPLIST_FILE = "macOS (Extension)/Info.plist";
				INFOPLIST_KEY_CFBundleDisplayName = "Article to Kindle Extension";
				INFOPLIST_KEY_NSHumanReadableCopyright = "";
				LD_RUNPATH_SEARCH_PATHS = (
					"$(inherited)",
					"@executable_path/../Frameworks",
					"@executable_path/../../../../Frameworks",
				);
				MACOSX_DEPLOYMENT_TARGET = 10.14;
				MARKETING_VERSION = 1.0;
				OTHER_LDFLAGS = (
					"-framework",
					SafariServices,
				);
				PRODUCT_BUNDLE_IDENTIFIER = app.articletokindle.Extension;
				PRODUCT_NAME = "Article to Kindle Extension";
				SDKROOT = macosx;
				SKIP_INSTALL = YES;
				STRING_CATALOG_GENERATE_SYMBOLS = YES;
				SWIFT_APPROACHABLE_CONCURRENCY = YES;
				SWIFT_EMIT_LOC_STRINGS = YES;
				SWIFT_UPCOMING_FEATURE_MEMBER_IMPORT_VISIBILITY = YES;
				SWIFT_VERSION = 5.0;
			};
			name = Release;
		};
		5CC64B36303C331D003D34B2 /* Debug */ = {
			isa = XCBuildConfiguration;
			buildSettings = {
				ASSETCATALOG_COMPILER_APPICON_NAME = AppIcon;
				ASSETCATALOG_COMPILER_GLOBAL_ACCENT_COLOR_NAME = AccentColor;
				CODE_SIGN_STYLE = Automatic;
				CURRENT_PROJECT_VERSION = 1;
				ENABLE_APP_SANDBOX = YES;
				ENABLE_HARDENED_RUNTIME = YES;
				ENABLE_OUTGOING_NETWORK_CONNECTIONS = YES;
				ENABLE_USER_SELECTED_FILES = readonly;
				GENERATE_INFOPLIST_FILE = YES;
				INFOPLIST_FILE = "macOS (App)/Info.plist";
				INFOPLIST_KEY_CFBundleDisplayName = "Article to Kindle";
				INFOPLIST_KEY_NSMainStoryboardFile = Main;
				INFOPLIST_KEY_NSPrincipalClass = NSApplication;
				LD_RUNPATH_SEARCH_PATHS = (
					"$(inherited)",
					"@executable_path/../Frameworks",
				);
				MACOSX_DEPLOYMENT_TARGET = 10.14;
				MARKETING_VERSION = 1.0;
				OTHER_LDFLAGS = (
					"-framework",
					SafariServices,
					"-framework",
					WebKit,
				);
				PRODUCT_BUNDLE_IDENTIFIER = app.articletokindle;
				PRODUCT_NAME = "Article to Kindle";
				REGISTER_APP_GROUPS = YES;
				SDKROOT = macosx;
				STRING_CATALOG_GENERATE_SYMBOLS = YES;
				SWIFT_APPROACHABLE_CONCURRENCY = YES;
				SWIFT_DEFAULT_ACTOR_ISOLATION = MainActor;
				SWIFT_EMIT_LOC_STRINGS = YES;
				SWIFT_UPCOMING_FEATURE_MEMBER_IMPORT_VISIBILITY = YES;
				SWIFT_VERSION = 5.0;
			};
			name = Debug;
		};
		5CC64B37303C331D003D34B2 /* Release */ = {
			isa = XCBuildConfiguration;
			buildSettings = {
				ASSETCATALOG_COMPILER_APPICON_NAME = AppIcon;
				ASSETCATALOG_COMPILER_GLOBAL_ACCENT_COLOR_NAME = AccentColor;
				CODE_SIGN_STYLE = Automatic;
				CURRENT_PROJECT_VERSION = 1;
				ENABLE_APP_SANDBOX = YES;
				ENABLE_HARDENED_RUNTIME = YES;
				ENABLE_OUTGOING_NETWORK_CONNECTIONS = YES;
				ENABLE_USER_SELECTED_FILES = readonly;
				GENERATE_INFOPLIST_FILE = YES;
				INFOPLIST_FILE = "macOS (App)/Info.plist";
				INFOPLIST_KEY_CFBundleDisplayName = "Article to Kindle";
				INFOPLIST_KEY_NSMainStoryboardFile = Main;
				INFOPLIST_KEY_NSPrincipalClass = NSApplication;
				LD_RUNPATH_SEARCH_PATHS = (
					"$(inherited)",
					"@executable_path/../Frameworks",
				);
				MACOSX_DEPLOYMENT_TARGET = 10.14;
				MARKETING_VERSION = 1.0;
				OTHER_LDFLAGS = (
					"-framework",
					SafariServices,
					"-framework",
					WebKit,
				);
				PRODUCT_BUNDLE_IDENTIFIER = app.articletokindle;
				PRODUCT_NAME = "Article to Kindle";
				REGISTER_APP_GROUPS = YES;
				SDKROOT = macosx;
				STRING_CATALOG_GENERATE_SYMBOLS = YES;
				SWIFT_APPROACHABLE_CONCURRENCY = YES;
				SWIFT_DEFAULT_ACTOR_ISOLATION = MainActor;
				SWIFT_EMIT_LOC_STRINGS = YES;
				SWIFT_UPCOMING_FEATURE_MEMBER_IMPORT_VISIBILITY = YES;
				SWIFT_VERSION = 5.0;
			};
			name = Release;
		};
/* End XCBuildConfiguration section */

/* Begin XCConfigurationList section */
		5CC64ADC303C331C003D34B2 /* Build configuration list for PBXProject "Article to Kindle" */ = {
			isa = XCConfigurationList;
			buildConfigurations = (
				5CC64B28303C331D003D34B2 /* Debug */,
				5CC64B29303C331D003D34B2 /* Release */,
			);
			defaultConfigurationIsVisible = 0;
			defaultConfigurationName = Release;
		};
		5CC64B2A303C331D003D34B2 /* Build configuration list for PBXNativeTarget "Article to Kindle Extension (iOS)" */ = {
			isa = XCConfigurationList;
			buildConfigurations = (
				5CC64B2B303C331D003D34B2 /* Debug */,
				5CC64B2C303C331D003D34B2 /* Release */,
			);
			defaultConfigurationIsVisible = 0;
			defaultConfigurationName = Release;
		};
		5CC64B2E303C331D003D34B2 /* Build configuration list for PBXNativeTarget "Article to Kindle (iOS)" */ = {
			isa = XCConfigurationList;
			buildConfigurations = (
				5CC64B2F303C331D003D34B2 /* Debug */,
				5CC64B30303C331D003D34B2 /* Release */,
			);
			defaultConfigurationIsVisible = 0;
			defaultConfigurationName = Release;
		};
		5CC64B31303C331D003D34B2 /* Build configuration list for PBXNativeTarget "Article to Kindle Extension (macOS)" */ = {
			isa = XCConfigurationList;
			buildConfigurations = (
				5CC64B32303C331D003D34B2 /* Debug */,
				5CC64B33303C331D003D34B2 /* Release */,
			);
			defaultConfigurationIsVisible = 0;
			defaultConfigurationName = Release;
		};
		5CC64B35303C331D003D34B2 /* Build configuration list for PBXNativeTarget "Article to Kindle (macOS)" */ = {
			isa = XCConfigurationList;
			buildConfigurations = (
				5CC64B36303C331D003D34B2 /* Debug */,
				5CC64B37303C331D003D34B2 /* Release */,
			);
			defaultConfigurationIsVisible = 0;
			defaultConfigurationName = Release;
		};
/* End XCConfigurationList section */
	};
	rootObject = 5CC64AD9303C331C003D34B2 /* Project object */;
}
